// !$*UTF8*$!
{
	archiveVersion = 1;
	classes = {
	};
	objectVersion = 51;
	objects = {

/* Begin PBXBuildFile section */
		40F3ABD61C51E48E983EEB85 /* Pods_UberCloneTut.framework in Frameworks */ = {isa = PBXBuildFile; fileRef = 943591DE72769B9B60E8B3F9 /* Pods_UberCloneTut.framework */; };
		7110BD1826E39CFA00B32BB0 /* GoogleService-Info.plist in Resources */ = {isa = PBXBuildFile; fileRef = 7110BD1726E39CFA00B32BB0 /* GoogleService-Info.plist */; };
		7110BD1C26E39D1700B32BB0 /* HomeController.swift in Sources */ = {isa = PBXBuildFile; fileRef = 7110BD1B26E39D1700B32BB0 /* HomeController.swift */; };
		71204D1926E00C4D00D0ECFC /* AppDelegate.swift in Sources */ = {isa = PBXBuildFile; fileRef = 71204D1826E00C4D00D0ECFC /* AppDelegate.swift */; };
		71204D1B26E00C4D00D0ECFC /* SceneDelegate.swift in Sources */ = {isa = PBXBuildFile; fileRef = 71204D1A26E00C4D00D0ECFC /* SceneDelegate.swift */; };
		71204D1D26E00C4D00D0ECFC /* LoginController.swift in Sources */ = {isa = PBXBuildFile; fileRef = 71204D1C26E00C4D00D0ECFC /* LoginController.swift */; };
		71204D2226E00C4F00D0ECFC /* Assets.xcassets in Resources */ = {isa = PBXBuildFile; fileRef = 71204D2126E00C4F00D0ECFC /* Assets.xcassets */; };
		71204D2526E00C4F00D0ECFC /* LaunchScreen.storyboard in Resources */ = {isa = PBXBuildFile; fileRef = 71204D2326E00C4F00D0ECFC /* LaunchScreen.storyboard */; };
		712D1C1026E163440042CA6E /* SignupController.swift in Sources */ = {isa = PBXBuildFile; fileRef = 712D1C0F26E163440042CA6E /* SignupController.swift */; };
		71478CF526E7BDBA009BE3CF /* User.swift in Sources */ = {isa = PBXBuildFile; fileRef = 71478CF426E7BDBA009BE3CF /* User.swift */; };
		71478CF826E7BE10009BE3CF /* Service.swift in Sources */ = {isa = PBXBuildFile; fileRef = 71478CF726E7BE10009BE3CF /* Service.swift */; };
		71521D3126E504A900C6B047 /* LocationInputActivationView.swift in Sources */ = {isa = PBXBuildFile; fileRef = 71521D3026E504A900C6B047 /* LocationInputActivationView.swift */; };
		71521D3426E5069800C6B047 /* LocationInputView.swift in Sources */ = {isa = PBXBuildFile; fileRef = 71521D3326E5069800C6B047 /* LocationInputView.swift */; };
		7165EE6D26E15B1000D14832 /* GenerateUI.swift in Sources */ = {isa = PBXBuildFile; fileRef = 7165EE6C26E15B1000D14832 /* GenerateUI.swift */; };
		7165EE7026E15CE300D14832 /* Extensions.swift in Sources */ = {isa = PBXBuildFile; fileRef = 7165EE6F26E15CE300D14832 /* Extensions.swift */; };
		71F8F30726E67D94003D3531 /* LocationCell.swift in Sources */ = {isa = PBXBuildFile; fileRef = 71F8F30626E67D94003D3531 /* LocationCell.swift */; };
/* End PBXBuildFile section */

/* Begin PBXFileReference section */
		7110BD1726E39CFA00B32BB0 /* GoogleService-Info.plist */ = {isa = PBXFileReference; lastKnownFileType = text.plist; path = "GoogleService-Info.plist"; sourceTree = SOURCE_ROOT; };
		7110BD1B26E39D1700B32BB0 /* HomeController.swift */ = {isa = PBXFileReference; lastKnownFileType = sourcecode.swift; path = HomeController.swift; sourceTree = "<group>"; };
		71204D1526E00C4D00D0ECFC /* UberCloneTut.app */ = {isa = PBXFileReference; explicitFileType = wrapper.application; includeInIndex = 0; path = UberCloneTut.app; sourceTree = BUILT_PRODUCTS_DIR; };
		71204D1826E00C4D00D0ECFC /* AppDelegate.swift */ = {isa = PBXFileReference; lastKnownFileType = sourcecode.swift; path = AppDelegate.swift; sourceTree = "<group>"; };
		71204D1A26E00C4D00D0ECFC /* SceneDelegate.swift */ = {isa = PBXFileReference; lastKnownFileType = sourcecode.swift; path = SceneDelegate.swift; sourceTree = "<group>"; };
		71204D1C26E00C4D00D0ECFC /* LoginController.swift */ = {isa = PBXFileReference; lastKnownFileType = sourcecode.swift; path = LoginController.swift; sourceTree = "<group>"; };
		71204D2126E00C4F00D0ECFC /* Assets.xcassets */ = {isa = PBXFileReference; lastKnownFileType = folder.assetcatalog; path = Assets.xcassets; sourceTree = "<group>"; };
		71204D2426E00C4F00D0ECFC /* Base */ = {isa = PBXFileReference; lastKnownFileType = file.storyboard; name = Base; path = Base.lproj/LaunchScreen.storyboard; sourceTree = "<group>"; };
		71204D2626E00C4F00D0ECFC /* Info.plist */ = {isa = PBXFileReference; lastKnownFileType = text.plist.xml; path = Info.plist; sourceTree = "<group>"; };
		712D1C0F26E163440042CA6E /* SignupController.swift */ = {isa = PBXFileReference; lastKnownFileType = sourcecode.swift; path = SignupController.swift; sourceTree = "<group>"; };
		71478CF426E7BDBA009BE3CF /* User.swift */ = {isa = PBXFileReference; lastKnownFileType = sourcecode.swift; path = User.swift; sourceTree = "<group>"; };
		71478CF726E7BE10009BE3CF /* Service.swift */ = {isa = PBXFileReference; lastKnownFileType = sourcecode.swift; path = Service.swift; sourceTree = "<group>"; };
		71521D3026E504A900C6B047 /* LocationInputActivationView.swift */ = {isa = PBXFileReference; lastKnownFileType = sourcecode.swift; path = LocationInputActivationView.swift; sourceTree = "<group>"; };
		71521D3326E5069800C6B047 /* LocationInputView.swift */ = {isa = PBXFileReference; lastKnownFileType = sourcecode.swift; path = LocationInputView.swift; sourceTree = "<group>"; };
		7165EE6C26E15B1000D14832 /* GenerateUI.swift */ = {isa = PBXFileReference; lastKnownFileType = sourcecode.swift; path = GenerateUI.swift; sourceTree = "<group>"; };
		7165EE6F26E15CE300D14832 /* Extensions.swift */ = {isa = PBXFileReference; lastKnownFileType = sourcecode.swift; path = Extensions.swift; sourceTree = "<group>"; };
		71F8F30626E67D94003D3531 /* LocationCell.swift */ = {isa = PBXFileReference; lastKnownFileType = sourcecode.swift; path = LocationCell.swift; sourceTree = "<group>"; };
		76F3DDA68F85416D4D13EB20 /* Pods-UberCloneTut.debug.xcconfig */ = {isa = PBXFileReference; includeInIndex = 1; lastKnownFileType = text.xcconfig; name = "Pods-UberCloneTut.debug.xcconfig"; path = "Target Support Files/Pods-UberCloneTut/Pods-UberCloneTut.debug.xcconfig"; sourceTree = "<group>"; };
		943591DE72769B9B60E8B3F9 /* Pods_UberCloneTut.framework */ = {isa = PBXFileReference; explicitFileType = wrapper.framework; includeInIndex = 0; path = Pods_UberCloneTut.framework; sourceTree = BUILT_PRODUCTS_DIR; };
		C4322BDC0BC3805EF82A5EC2 /* Pods-UberCloneTut.release.xcconfig */ = {isa = PBXFileReference; includeInIndex = 1; lastKnownFileType = text.xcconfig; name = "Pods-UberCloneTut.release.xcconfig"; path = "Target Support Files/Pods-UberCloneTut/Pods-UberCloneTut.release.xcconfig"; sourceTree = "<group>"; };
/* End PBXFileReference section */

/* Begin PBXFrameworksBuildPhase section */
		71204D1226E00C4D00D0ECFC /* Frameworks */ = {
			isa = PBXFrameworksBuildPhase;
			buildActionMask = 2147483647;
			files = (
				40F3ABD61C51E48E983EEB85 /* Pods_UberCloneTut.framework in Frameworks */,
			);
			runOnlyForDeploymentPostprocessing = 0;
		};
/* End PBXFrameworksBuildPhase section */

/* Begin PBXGroup section */
		6FAC71F39C2276E910AB8E61 /* Pods */ = {
			isa = PBXGroup;
			children = (
				76F3DDA68F85416D4D13EB20 /* Pods-UberCloneTut.debug.xcconfig */,
				C4322BDC0BC3805EF82A5EC2 /* Pods-UberCloneTut.release.xcconfig */,
			);
			path = Pods;
			sourceTree = "<group>";
		};
		71204D0C26E00C4D00D0ECFC = {
			isa = PBXGroup;
			children = (
				71204D1726E00C4D00D0ECFC /* UberCloneTut */,
				71204D1626E00C4D00D0ECFC /* Products */,
				6FAC71F39C2276E910AB8E61 /* Pods */,
				9D619366298941140FA67922 /* Frameworks */,
			);
			sourceTree = "<group>";
		};
		71204D1626E00C4D00D0ECFC /* Products */ = {
			isa = PBXGroup;
			children = (
				71204D1526E00C4D00D0ECFC /* UberCloneTut.app */,
			);
			name = Products;
			sourceTree = "<group>";
		};
		71204D1726E00C4D00D0ECFC /* UberCloneTut */ = {
			isa = PBXGroup;
			children = (
				71204D2D26E00C5500D0ECFC /* Models */,
				71204D2E26E00C5A00D0ECFC /* Views */,
				71204D2F26E00C5E00D0ECFC /* Controllers */,
				71204D3026E00C6900D0ECFC /* Services */,
				71204D3126E00C6C00D0ECFC /* Utils */,
				71204D3326E00C7800D0ECFC /* Resources */,
				71204D2626E00C4F00D0ECFC /* Info.plist */,
				7110BD1726E39CFA00B32BB0 /* GoogleService-Info.plist */,
			);
			path = UberCloneTut;
			sourceTree = "<group>";
		};
		71204D2D26E00C5500D0ECFC /* Models */ = {
			isa = PBXGroup;
			children = (
				71478CF426E7BDBA009BE3CF /* User.swift */,
			);
			path = Models;
			sourceTree = "<group>";
		};
		71204D2E26E00C5A00D0ECFC /* Views */ = {
			isa = PBXGroup;
			children = (
				71521D3026E504A900C6B047 /* LocationInputActivationView.swift */,
				71521D3326E5069800C6B047 /* LocationInputView.swift */,
				71F8F30626E67D94003D3531 /* LocationCell.swift */,
			);
			path = Views;
			sourceTree = "<group>";
		};
		71204D2F26E00C5E00D0ECFC /* Controllers */ = {
			isa = PBXGroup;
			children = (
				71204D1C26E00C4D00D0ECFC /* LoginController.swift */,
				7110BD1B26E39D1700B32BB0 /* HomeController.swift */,
				712D1C0F26E163440042CA6E /* SignupController.swift */,
			);
			path = Controllers;
			sourceTree = "<group>";
		};
		71204D3026E00C6900D0ECFC /* Services */ = {
			isa = PBXGroup;
			children = (
				71478CF726E7BE10009BE3CF /* Service.swift */,
			);
			path = Services;
			sourceTree = "<group>";
		};
		71204D3126E00C6C00D0ECFC /* Utils */ = {
			isa = PBXGroup;
			children = (
				7165EE6C26E15B1000D14832 /* GenerateUI.swift */,
				7165EE6F26E15CE300D14832 /* Extensions.swift */,
			);
			path = Utils;
			sourceTree = "<group>";
		};
		71204D3326E00C7800D0ECFC /* Resources */ = {
			isa = PBXGroup;
			children = (
				71204D1826E00C4D00D0ECFC /* AppDelegate.swift */,
				71204D1A26E00C4D00D0ECFC /* SceneDelegate.swift */,
				71204D2326E00C4F00D0ECFC /* LaunchScreen.storyboard */,
				71204D2126E00C4F00D0ECFC /* Assets.xcassets */,
			);
			path = Resources;
			sourceTree = "<group>";
		};
		9D619366298941140FA67922 /* Frameworks */ = {
			isa = PBXGroup;
			children = (
				943591DE72769B9B60E8B3F9 /* Pods_UberCloneTut.framework */,
			);
			name = Frameworks;
			sourceTree = "<group>";
		};
/* End PBXGroup section */

/* Begin PBXNativeTarget section */
		71204D1426E00C4D00D0ECFC /* UberCloneTut */ = {
			isa = PBXNativeTarget;
			buildConfigurationList = 71204D2926E00C4F00D0ECFC /* Build configuration list for PBXNativeTarget "UberCloneTut" */;
			buildPhases = (
				71DDC6A7370E20EB23E375E3 /* [CP] Check Pods Manifest.lock */,
				71204D1126E00C4D00D0ECFC /* Sources */,
				71204D1226E00C4D00D0ECFC /* Frameworks */,
				71204D1326E00C4D00D0ECFC /* Resources */,
				76D2CEBC761C6E8A71C735EA /* [CP] Embed Pods Frameworks */,
			);
			buildRules = (
			);
			dependencies = (
			);
			name = UberCloneTut;
			productName = UberCloneTut;
			productReference = 71204D1526E00C4D00D0ECFC /* UberCloneTut.app */;
			productType = "com.apple.product-type.application";
		};
/* End PBXNativeTarget section */

/* Begin PBXProject section */
		71204D0D26E00C4D00D0ECFC /* Project object */ = {
			isa = PBXProject;
			attributes = {
				LastSwiftUpdateCheck = 1240;
				LastUpgradeCheck = 1240;
				TargetAttributes = {
					71204D1426E00C4D00D0ECFC = {
						CreatedOnToolsVersion = 12.4;
					};
				};
			};
			buildConfigurationList = 71204D1026E00C4D00D0ECFC /* Build configuration list for PBXProject "UberCloneTut" */;
			compatibilityVersion = "Xcode 9.3";
			developmentRegion = en;
			hasScannedForEncodings = 0;
			knownRegions = (
				en,
				Base,
			);
			mainGroup = 71204D0C26E00C4D00D0ECFC;
			productRefGroup = 71204D1626E00C4D00D0ECFC /* Products */;
			projectDirPath = "";
			projectRoot = "";
			targets = (
				71204D1426E00C4D00D0ECFC /* UberCloneTut */,
			);
		};
/* End PBXProject section */

/* Begin PBXResourcesBuildPhase section */
		71204D1326E00C4D00D0ECFC /* Resources */ = {
			isa = PBXResourcesBuildPhase;
			buildActionMask = 2147483647;
			files = (
				71204D2526E00C4F00D0ECFC /* LaunchScreen.storyboard in Resources */,
				7110BD1826E39CFA00B32BB0 /* GoogleService-Info.plist in Resources */,
				71204D2226E00C4F00D0ECFC /* Assets.xcassets in Resources */,
			);
			runOnlyForDeploymentPostprocessing = 0;
		};
/* End PBXResourcesBuildPhase section */

/* Begin PBXShellScriptBuildPhase section */
		71DDC6A7370E20EB23E375E3 /* [CP] Check Pods Manifest.lock */ = {
			isa = PBXShellScriptBuildPhase;
			buildActionMask = 2147483647;
			files = (
			);
			inputFileListPaths = (
			);
			inputPaths = (
				"${PODS_PODFILE_DIR_PATH}/Podfile.lock",
				"${PODS_ROOT}/Manifest.lock",
			);
			name = "[CP] Check Pods Manifest.lock";
			outputFileListPaths = (
			);
			outputPaths = (
				"$(DERIVED_FILE_DIR)/Pods-UberCloneTut-checkManifestLockResult.txt",
			);
			runOnlyForDeploymentPostprocessing = 0;
			shellPath = /bin/sh;
			shellScript = "diff \"${PODS_PODFILE_DIR_PATH}/Podfile.lock\" \"${PODS_ROOT}/Manifest.lock\" > /dev/null\nif [ $? != 0 ] ; then\n    # print error to STDERR\n    echo \"error: The sandbox is not in sync with the Podfile.lock. Run 'pod install' or update your CocoaPods installation.\" >&2\n    exit 1\nfi\n# This output is used by Xcode 'outputs' to avoid re-running this script phase.\necho \"SUCCESS\" > \"${SCRIPT_OUTPUT_FILE_0}\"\n";
			showEnvVarsInLog = 0;
		};
		76D2CEBC761C6E8A71C735EA /* [CP] Embed Pods Frameworks */ = {
			isa = PBXShellScriptBuildPhase;
			buildActionMask = 2147483647;
			files = (
			);
			inputFileListPaths = (
				"${PODS_ROOT}/Target Support Files/Pods-UberCloneTut/Pods-UberCloneTut-frameworks-${CONFIGURATION}-input-files.xcfilelist",
			);
			name = "[CP] Embed Pods Frameworks";
			outputFileListPaths = (
				"${PODS_ROOT}/Target Support Files/Pods-UberCloneTut/Pods-UberCloneTut-frameworks-${CONFIGURATION}-output-files.xcfilelist",
			);
			runOnlyForDeploymentPostprocessing = 0;
			shellPath = /bin/sh;
			shellScript = "\"${PODS_ROOT}/Target Support Files/Pods-UberCloneTut/Pods-UberCloneTut-frameworks.sh\"\n";
			showEnvVarsInLog = 0;
		};
/* End PBXShellScriptBuildPhase section */

/* Begin PBXSourcesBuildPhase section */
		71204D1126E00C4D00D0ECFC /* Sources */ = {
			isa = PBXSourcesBuildPhase;
			buildActionMask = 2147483647;
			files = (
				7165EE7026E15CE300D14832 /* Extensions.swift in Sources */,
				71204D1D26E00C4D00D0ECFC /* LoginController.swift in Sources */,
				7110BD1C26E39D1700B32BB0 /* HomeController.swift in Sources */,
				71521D3426E5069800C6B047 /* LocationInputView.swift in Sources */,
				7165EE6D26E15B1000D14832 /* GenerateUI.swift in Sources */,
				71478CF826E7BE10009BE3CF /* Service.swift in Sources */,
				712D1C1026E163440042CA6E /* SignupController.swift in Sources */,
				71F8F30726E67D94003D3531 /* LocationCell.swift in Sources */,
				71204D1926E00C4D00D0ECFC /* AppDelegate.swift in Sources */,
				71521D3126E504A900C6B047 /* LocationInputActivationView.swift in Sources */,
				71204D1B26E00C4D00D0ECFC /* SceneDelegate.swift in Sources */,
				71478CF526E7BDBA009BE3CF /* User.swift in Sources */,
			);
			runOnlyForDeploymentPostprocessing = 0;
		};
/* End PBXSourcesBuildPhase section */

/* Begin PBXVariantGroup section */
		71204D2326E00C4F00D0ECFC /* LaunchScreen.storyboard */ = {
			isa = PBXVariantGroup;
			children = (
				71204D2426E00C4F00D0ECFC /* Base */,
			);
			name = LaunchScreen.storyboard;
			sourceTree = "<group>";
		};
/* End PBXVariantGroup section */

/* Begin XCBuildConfiguration section */
		71204D2726E00C4F00D0ECFC /* Debug */ = {
			isa = XCBuildConfiguration;
			buildSettings = {
				ALWAYS_SEARCH_USER_PATHS = NO;
				CLANG_ANALYZER_NONNULL = YES;
				CLANG_ANALYZER_NUMBER_OBJECT_CONVERSION = YES_AGGRESSIVE;
				CLANG_CXX_LANGUAGE_STANDARD = "gnu++14";
				CLANG_CXX_LIBRARY = "libc++";
				CLANG_ENABLE_MODULES = YES;
				CLANG_ENABLE_OBJC_ARC = YES;
				CLANG_ENABLE_OBJC_WEAK = YES;
				CLANG_WARN_BLOCK_CAPTURE_AUTORELEASING = YES;
				CLANG_WARN_BOOL_CONVERSION = YES;
				CLANG_WARN_COMMA = YES;
				CLANG_WARN_CONSTANT_CONVERSION = YES;
				CLANG_WARN_DEPRECATED_OBJC_IMPLEMENTATIONS = YES;
				CLANG_WARN_DIRECT_OBJC_ISA_USAGE = YES_ERROR;
				CLANG_WARN_DOCUMENTATION_COMMENTS = YES;
				CLANG_WARN_EMPTY_BODY = YES;
				CLANG_WARN_ENUM_CONVERSION = YES;
				CLANG_WARN_INFINITE_RECURSION = YES;
				CLANG_WARN_INT_CONVERSION = YES;
				CLANG_WARN_NON_LITERAL_NULL_CONVERSION = YES;
				CLANG_WARN_OBJC_IMPLICIT_RETAIN_SELF = YES;
				CLANG_WARN_OBJC_LITERAL_CONVERSION = YES;
				CLANG_WARN_OBJC_ROOT_CLASS = YES_ERROR;
				CLANG_WARN_QUOTED_INCLUDE_IN_FRAMEWORK_HEADER = YES;
				CLANG_WARN_RANGE_LOOP_ANALYSIS = YES;
				CLANG_WARN_STRICT_PROTOTYPES = YES;
				CLANG_WARN_SUSPICIOUS_MOVE = YES;
				CLANG_WARN_UNGUARDED_AVAILABILITY = YES_AGGRESSIVE;
				CLANG_WARN_UNREACHABLE_CODE = YES;
				CLANG_WARN__DUPLICATE_METHOD_MATCH = YES;
				COPY_PHASE_STRIP = NO;
				DEBUG_INFORMATION_FORMAT = dwarf;
				ENABLE_STRICT_OBJC_MSGSEND = YES;
				ENABLE_TESTABILITY = YES;
				GCC_C_LANGUAGE_STANDARD = gnu11;
				GCC_DYNAMIC_NO_PIC = NO;
				GCC_NO_COMMON_BLOCKS = YES;
				GCC_OPTIMIZATION_LEVEL = 0;
				GCC_PREPROCESSOR_DEFINITIONS = (
					"DEBUG=1",
					"$(inherited)",
				);
				GCC_WARN_64_TO_32_BIT_CONVERSION = YES;
				GCC_WARN_ABOUT_RETURN_TYPE = YES_ERROR;
				GCC_WARN_UNDECLARED_SELECTOR = YES;
				GCC_WARN_UNINITIALIZED_AUTOS = YES_AGGRESSIVE;
				GCC_WARN_UNUSED_FUNCTION = YES;
				GCC_WARN_UNUSED_VARIABLE = YES;
				IPHONEOS_DEPLOYMENT_TARGET = 14.4;
				MTL_ENABLE_DEBUG_INFO = INCLUDE_SOURCE;
				MTL_FAST_MATH = YES;
				ONLY_ACTIVE_ARCH = YES;
				SDKROOT = iphoneos;
				SWIFT_ACTIVE_COMPILATION_CONDITIONS = DEBUG;
				SWIFT_OPTIMIZATION_LEVEL = "-Onone";
			};
			name = Debug;
		};
		71204D2826E00C4F00D0ECFC /* Release */ = {
			isa = XCBuildConfiguration;
			buildSettings = {
				ALWAYS_SEARCH_USER_PATHS = NO;
				CLANG_ANALYZER_NONNULL = YES;
				CLANG_ANALYZER_NUMBER_OBJECT_CONVERSION = YES_AGGRESSIVE;
				CLANG_CXX_LANGUAGE_STANDARD = "gnu++14";
				CLANG_CXX_LIBRARY = "libc++";
				CLANG_ENABLE_MODULES = YES;
				CLANG_ENABLE_OBJC_ARC = YES;
				CLANG_ENABLE_OBJC_WEAK = YES;
				CLANG_WARN_BLOCK_CAPTURE_AUTORELEASING = YES;
				CLANG_WARN_BOOL_CONVERSION = YES;
				CLANG_WARN_COMMA = YES;
				CLANG_WARN_CONSTANT_CONVERSION = YES;
				CLANG_WARN_DEPRECATED_OBJC_IMPLEMENTATIONS = YES;
				CLANG_WARN_DIRECT_OBJC_ISA_USAGE = YES_ERROR;
				CLANG_WARN_DOCUMENTATION_COMMENTS = YES;
				CLANG_WARN_EMPTY_BODY = YES;
				CLANG_WARN_ENUM_CONVERSION = YES;
				CLANG_WARN_INFINITE_RECURSION = YES;
				CLANG_WARN_INT_CONVERSION = YES;
				CLANG_WARN_NON_LITERAL_NULL_CONVERSION = YES;
				CLANG_WARN_OBJC_IMPLICIT_RETAIN_SELF = YES;
				CLANG_WARN_OBJC_LITERAL_CONVERSION = YES;
				CLANG_WARN_OBJC_ROOT_CLASS = YES_ERROR;
				CLANG_WARN_QUOTED_INCLUDE_IN_FRAMEWORK_HEADER = YES;
				CLANG_WARN_RANGE_LOOP_ANALYSIS = YES;
				CLANG_WARN_STRICT_PROTOTYPES = YES;
				CLANG_WARN_SUSPICIOUS_MOVE = YES;
				CLANG_WARN_UNGUARDED_AVAILABILITY = YES_AGGRESSIVE;
				CLANG_WARN_UNREACHABLE_CODE = YES;
				CLANG_WARN__DUPLICATE_METHOD_MATCH = YES;
				COPY_PHASE_STRIP = NO;
				DEBUG_INFORMATION_FORMAT = "dwarf-with-dsym";
				ENABLE_NS_ASSERTIONS = NO;
				ENABLE_STRICT_OBJC_MSGSEND = YES;
				GCC_C_LANGUAGE_STANDARD = gnu11;
				GCC_NO_COMMON_BLOCKS = YES;
				GCC_WARN_64_TO_32_BIT_CONVERSION = YES;
				GCC_WARN_ABOUT_RETURN_TYPE = YES_ERROR;
				GCC_WARN_UNDECLARED_SELECTOR = YES;
				GCC_WARN_UNINITIALIZED_AUTOS = YES_AGGRESSIVE;
				GCC_WARN_UNUSED_FUNCTION = YES;
				GCC_WARN_UNUSED_VARIABLE = YES;
				IPHONEOS_DEPLOYMENT_TARGET = 14.4;
				MTL_ENABLE_DEBUG_INFO = NO;
				MTL_FAST_MATH = YES;
				SDKROOT = iphoneos;
				SWIFT_COMPILATION_MODE = wholemodule;
				SWIFT_OPTIMIZATION_LEVEL = "-O";
				VALIDATE_PRODUCT = YES;
			};
			name = Release;
		};
		71204D2A26E00C4F00D0ECFC /* Debug */ = {
			isa = XCBuildConfiguration;
			baseConfigurationReference = 76F3DDA68F85416D4D13EB20 /* Pods-UberCloneTut.debug.xcconfig */;
			buildSettings = {
				ASSETCATALOG_COMPILER_APPICON_NAME = AppIcon;
				ASSETCATALOG_COMPILER_GLOBAL_ACCENT_COLOR_NAME = AccentColor;
				CODE_SIGN_STYLE = Automatic;
				DEVELOPMENT_TEAM = YBZMY79767;
				INFOPLIST_FILE = UberCloneTut/Info.plist;
				LD_RUNPATH_SEARCH_PATHS = (
					"$(inherited)",
					"@executable_path/Frameworks",
				);
				PRODUCT_BUNDLE_IDENTIFIER = com.heangdev.UberCloneTut;
				PRODUCT_NAME = "$(TARGET_NAME)";
				SWIFT_VERSION = 5.0;
				TARGETED_DEVICE_FAMILY = "1,2";
			};
			name = Debug;
		};
		71204D2B26E00C4F00D0ECFC /* Release */ = {
			isa = XCBuildConfiguration;
			baseConfigurationReference = C4322BDC0BC3805EF82A5EC2 /* Pods-UberCloneTut.release.xcconfig */;
			buildSettings = {
				ASSETCATALOG_COMPILER_APPICON_NAME = AppIcon;
				ASSETCATALOG_COMPILER_GLOBAL_ACCENT_COLOR_NAME = AccentColor;
				CODE_SIGN_STYLE = Automatic;
				DEVELOPMENT_TEAM = YBZMY79767;
				INFOPLIST_FILE = UberCloneTut/Info.plist;
				LD_RUNPATH_SEARCH_PATHS = (
					"$(inherited)",
					"@executable_path/Frameworks",
				);
				PRODUCT_BUNDLE_IDENTIFIER = com.heangdev.UberCloneTut;
				PRODUCT_NAME = "$(TARGET_NAME)";
				SWIFT_VERSION = 5.0;
				TARGETED_DEVICE_FAMILY = "1,2";
			};
			name = Release;
		};
/* End XCBuildConfiguration section */

/* Begin XCConfigurationList section */
		71204D1026E00C4D00D0ECFC /* Build configuration list for PBXProject "UberCloneTut" */ = {
			isa = XCConfigurationList;
			buildConfigurations = (
				71204D2726E00C4F00D0ECFC /* Debug */,
				71204D2826E00C4F00D0ECFC /* Release */,
			);
			defaultConfigurationIsVisible = 0;
			defaultConfigurationName = Release;
		};
		71204D2926E00C4F00D0ECFC /* Build configuration list for PBXNativeTarget "UberCloneTut" */ = {
			isa = XCConfigurationList;
			buildConfigurations = (
				71204D2A26E00C4F00D0ECFC /* Debug */,
				71204D2B26E00C4F00D0ECFC /* Release */,
			);
			defaultConfigurationIsVisible = 0;
			defaultConfigurationName = Release;
		};
/* End XCConfigurationList section */
	};
	rootObject = 71204D0D26E00C4D00D0ECFC /* Project object */;
}
