// !$*UTF8*$!
{
	archiveVersion = 1;
	classes = {
	};
	objectVersion = 51;
	objects = {

/* Begin PBXBuildFile section */
		7114D8BC26B42E3F00F28E72 /* UserService.swift in Sources */ = {isa = PBXBuildFile; fileRef = 7114D8BB26B42E3F00F28E72 /* UserService.swift */; };
		7114D8BF26B42E8400F28E72 /* Constants.swift in Sources */ = {isa = PBXBuildFile; fileRef = 7114D8BE26B42E8400F28E72 /* Constants.swift */; };
		7114D8C226B431D400F28E72 /* User.swift in Sources */ = {isa = PBXBuildFile; fileRef = 7114D8C126B431D400F28E72 /* User.swift */; };
		7114D8C626B47A5A00F28E72 /* ProfileHeaderViewModel.swift in Sources */ = {isa = PBXBuildFile; fileRef = 7114D8C526B47A5A00F28E72 /* ProfileHeaderViewModel.swift */; };
		71215A7B26B18FC500DD75F7 /* GoogleService-Info.plist in Resources */ = {isa = PBXBuildFile; fileRef = 71215A7A26B18FC500DD75F7 /* GoogleService-Info.plist */; };
		71215A9E26B1AC8300DD75F7 /* ImageUploader.swift in Sources */ = {isa = PBXBuildFile; fileRef = 71215A9D26B1AC8300DD75F7 /* ImageUploader.swift */; };
		71215AA226B1AC9700DD75F7 /* AuthService.swift in Sources */ = {isa = PBXBuildFile; fileRef = 71215AA126B1AC9700DD75F7 /* AuthService.swift */; };
		71446DE926B01F2D0016E92E /* Extensions.swift in Sources */ = {isa = PBXBuildFile; fileRef = 71446DE826B01F2D0016E92E /* Extensions.swift */; };
		71446DED26B0203E0016E92E /* LoginController.swift in Sources */ = {isa = PBXBuildFile; fileRef = 71446DEC26B0203E0016E92E /* LoginController.swift */; };
		71446DF026B020470016E92E /* RegistrationController.swift in Sources */ = {isa = PBXBuildFile; fileRef = 71446DEF26B020470016E92E /* RegistrationController.swift */; };
		71446DF426B03B040016E92E /* CustomTextField.swift in Sources */ = {isa = PBXBuildFile; fileRef = 71446DF326B03B040016E92E /* CustomTextField.swift */; };
		71446DF726B05E260016E92E /* AuthenticationViewModel.swift in Sources */ = {isa = PBXBuildFile; fileRef = 71446DF626B05E260016E92E /* AuthenticationViewModel.swift */; };
		718C2B2F26B33423005A3B56 /* ProfileCell.swift in Sources */ = {isa = PBXBuildFile; fileRef = 718C2B2E26B33423005A3B56 /* ProfileCell.swift */; };
		718C2B3226B33432005A3B56 /* ProfileHeader.swift in Sources */ = {isa = PBXBuildFile; fileRef = 718C2B3126B33432005A3B56 /* ProfileHeader.swift */; };
		71D1F4C126B5DCC1004239C1 /* UserCell.swift in Sources */ = {isa = PBXBuildFile; fileRef = 71D1F4C026B5DCC1004239C1 /* UserCell.swift */; };
		71E5E1FD26AEFF2600AB7FB5 /* AppDelegate.swift in Sources */ = {isa = PBXBuildFile; fileRef = 71E5E1FC26AEFF2600AB7FB5 /* AppDelegate.swift */; };
		71E5E1FF26AEFF2600AB7FB5 /* SceneDelegate.swift in Sources */ = {isa = PBXBuildFile; fileRef = 71E5E1FE26AEFF2600AB7FB5 /* SceneDelegate.swift */; };
		71E5E20126AEFF2600AB7FB5 /* ViewController.swift in Sources */ = {isa = PBXBuildFile; fileRef = 71E5E20026AEFF2600AB7FB5 /* ViewController.swift */; };
		71E5E20426AEFF2600AB7FB5 /* Main.storyboard in Resources */ = {isa = PBXBuildFile; fileRef = 71E5E20226AEFF2600AB7FB5 /* Main.storyboard */; };
		71E5E20726AEFF2600AB7FB5 /* InstagramFirestore.xcdatamodeld in Sources */ = {isa = PBXBuildFile; fileRef = 71E5E20526AEFF2600AB7FB5 /* InstagramFirestore.xcdatamodeld */; };
		71E5E20926AEFF2600AB7FB5 /* Assets.xcassets in Resources */ = {isa = PBXBuildFile; fileRef = 71E5E20826AEFF2600AB7FB5 /* Assets.xcassets */; };
		71E5E20C26AEFF2600AB7FB5 /* LaunchScreen.storyboard in Resources */ = {isa = PBXBuildFile; fileRef = 71E5E20A26AEFF2600AB7FB5 /* LaunchScreen.storyboard */; };
		71E5E21D26AF000B00AB7FB5 /* MainTabController.swift in Sources */ = {isa = PBXBuildFile; fileRef = 71E5E21C26AF000B00AB7FB5 /* MainTabController.swift */; };
		71E5E22026AF018D00AB7FB5 /* FeedController.swift in Sources */ = {isa = PBXBuildFile; fileRef = 71E5E21F26AF018D00AB7FB5 /* FeedController.swift */; };
		71E5E22326AF019400AB7FB5 /* SearchController.swift in Sources */ = {isa = PBXBuildFile; fileRef = 71E5E22226AF019400AB7FB5 /* SearchController.swift */; };
		71E5E22626AF019F00AB7FB5 /* ImageSelectorController.swift in Sources */ = {isa = PBXBuildFile; fileRef = 71E5E22526AF019F00AB7FB5 /* ImageSelectorController.swift */; };
		71E5E22926AF01A800AB7FB5 /* NotificationController.swift in Sources */ = {isa = PBXBuildFile; fileRef = 71E5E22826AF01A800AB7FB5 /* NotificationController.swift */; };
		71E5E22C26AF01B000AB7FB5 /* ProfileController.swift in Sources */ = {isa = PBXBuildFile; fileRef = 71E5E22B26AF01B000AB7FB5 /* ProfileController.swift */; };
		71E5E22F26AF0E5100AB7FB5 /* FeedCell.swift in Sources */ = {isa = PBXBuildFile; fileRef = 71E5E22E26AF0E5100AB7FB5 /* FeedCell.swift */; };
		E4B9134B78607077C16DD9CC /* Pods_InstagramFirestore.framework in Frameworks */ = {isa = PBXBuildFile; fileRef = 28C64360E64C3E4A6622442E /* Pods_InstagramFirestore.framework */; };
/* End PBXBuildFile section */

/* Begin PBXFileReference section */
		28C64360E64C3E4A6622442E /* Pods_InstagramFirestore.framework */ = {isa = PBXFileReference; explicitFileType = wrapper.framework; includeInIndex = 0; path = Pods_InstagramFirestore.framework; sourceTree = BUILT_PRODUCTS_DIR; };
		3A9B69A822018AFCEAC0FDEC /* Pods-InstagramFirestore.debug.xcconfig */ = {isa = PBXFileReference; includeInIndex = 1; lastKnownFileType = text.xcconfig; name = "Pods-InstagramFirestore.debug.xcconfig"; path = "Target Support Files/Pods-InstagramFirestore/Pods-InstagramFirestore.debug.xcconfig"; sourceTree = "<group>"; };
		7114D8BB26B42E3F00F28E72 /* UserService.swift */ = {isa = PBXFileReference; lastKnownFileType = sourcecode.swift; name = UserService.swift; path = InstagramFirestore/View/Profile/UserService.swift; sourceTree = SOURCE_ROOT; };
		7114D8BE26B42E8400F28E72 /* Constants.swift */ = {isa = PBXFileReference; lastKnownFileType = sourcecode.swift; path = Constants.swift; sourceTree = "<group>"; };
		7114D8C126B431D400F28E72 /* User.swift */ = {isa = PBXFileReference; lastKnownFileType = sourcecode.swift; path = User.swift; sourceTree = "<group>"; };
		7114D8C526B47A5A00F28E72 /* ProfileHeaderViewModel.swift */ = {isa = PBXFileReference; lastKnownFileType = sourcecode.swift; path = ProfileHeaderViewModel.swift; sourceTree = "<group>"; };
		71215A7A26B18FC500DD75F7 /* GoogleService-Info.plist */ = {isa = PBXFileReference; fileEncoding = 4; lastKnownFileType = text.plist.xml; path = "GoogleService-Info.plist"; sourceTree = "<group>"; };
		71215A9D26B1AC8300DD75F7 /* ImageUploader.swift */ = {isa = PBXFileReference; lastKnownFileType = sourcecode.swift; path = ImageUploader.swift; sourceTree = "<group>"; };
		71215AA126B1AC9700DD75F7 /* AuthService.swift */ = {isa = PBXFileReference; lastKnownFileType = sourcecode.swift; path = AuthService.swift; sourceTree = "<group>"; };
		71446DE826B01F2D0016E92E /* Extensions.swift */ = {isa = PBXFileReference; fileEncoding = 4; lastKnownFileType = sourcecode.swift; path = Extensions.swift; sourceTree = "<group>"; };
		71446DEC26B0203E0016E92E /* LoginController.swift */ = {isa = PBXFileReference; lastKnownFileType = sourcecode.swift; path = LoginController.swift; sourceTree = "<group>"; };
		71446DEF26B020470016E92E /* RegistrationController.swift */ = {isa = PBXFileReference; lastKnownFileType = sourcecode.swift; path = RegistrationController.swift; sourceTree = "<group>"; };
		71446DF326B03B040016E92E /* CustomTextField.swift */ = {isa = PBXFileReference; lastKnownFileType = sourcecode.swift; path = CustomTextField.swift; sourceTree = "<group>"; };
		71446DF626B05E260016E92E /* AuthenticationViewModel.swift */ = {isa = PBXFileReference; lastKnownFileType = sourcecode.swift; path = AuthenticationViewModel.swift; sourceTree = "<group>"; };
		718C2B2E26B33423005A3B56 /* ProfileCell.swift */ = {isa = PBXFileReference; lastKnownFileType = sourcecode.swift; path = ProfileCell.swift; sourceTree = "<group>"; };
		718C2B3126B33432005A3B56 /* ProfileHeader.swift */ = {isa = PBXFileReference; lastKnownFileType = sourcecode.swift; path = ProfileHeader.swift; sourceTree = "<group>"; };
		71D1F4C026B5DCC1004239C1 /* UserCell.swift */ = {isa = PBXFileReference; lastKnownFileType = sourcecode.swift; path = UserCell.swift; sourceTree = "<group>"; };
		71E5E1F926AEFF2600AB7FB5 /* InstagramFirestore.app */ = {isa = PBXFileReference; explicitFileType = wrapper.application; includeInIndex = 0; path = InstagramFirestore.app; sourceTree = BUILT_PRODUCTS_DIR; };
		71E5E1FC26AEFF2600AB7FB5 /* AppDelegate.swift */ = {isa = PBXFileReference; lastKnownFileType = sourcecode.swift; path = AppDelegate.swift; sourceTree = "<group>"; };
		71E5E1FE26AEFF2600AB7FB5 /* SceneDelegate.swift */ = {isa = PBXFileReference; lastKnownFileType = sourcecode.swift; path = SceneDelegate.swift; sourceTree = "<group>"; };
		71E5E20026AEFF2600AB7FB5 /* ViewController.swift */ = {isa = PBXFileReference; lastKnownFileType = sourcecode.swift; path = ViewController.swift; sourceTree = "<group>"; };
		71E5E20326AEFF2600AB7FB5 /* Base */ = {isa = PBXFileReference; lastKnownFileType = file.storyboard; name = Base; path = Base.lproj/Main.storyboard; sourceTree = "<group>"; };
		71E5E20626AEFF2600AB7FB5 /* InstagramFirestore.xcdatamodel */ = {isa = PBXFileReference; lastKnownFileType = wrapper.xcdatamodel; path = InstagramFirestore.xcdatamodel; sourceTree = "<group>"; };
		71E5E20826AEFF2600AB7FB5 /* Assets.xcassets */ = {isa = PBXFileReference; lastKnownFileType = folder.assetcatalog; path = Assets.xcassets; sourceTree = "<group>"; };
		71E5E20B26AEFF2600AB7FB5 /* Base */ = {isa = PBXFileReference; lastKnownFileType = file.storyboard; name = Base; path = Base.lproj/LaunchScreen.storyboard; sourceTree = "<group>"; };
		71E5E20D26AEFF2600AB7FB5 /* Info.plist */ = {isa = PBXFileReference; lastKnownFileType = text.plist.xml; path = Info.plist; sourceTree = "<group>"; };
		71E5E21C26AF000B00AB7FB5 /* MainTabController.swift */ = {isa = PBXFileReference; lastKnownFileType = sourcecode.swift; path = MainTabController.swift; sourceTree = "<group>"; };
		71E5E21F26AF018D00AB7FB5 /* FeedController.swift */ = {isa = PBXFileReference; lastKnownFileType = sourcecode.swift; path = FeedController.swift; sourceTree = "<group>"; };
		71E5E22226AF019400AB7FB5 /* SearchController.swift */ = {isa = PBXFileReference; lastKnownFileType = sourcecode.swift; path = SearchController.swift; sourceTree = "<group>"; };
		71E5E22526AF019F00AB7FB5 /* ImageSelectorController.swift */ = {isa = PBXFileReference; lastKnownFileType = sourcecode.swift; path = ImageSelectorController.swift; sourceTree = "<group>"; };
		71E5E22826AF01A800AB7FB5 /* NotificationController.swift */ = {isa = PBXFileReference; lastKnownFileType = sourcecode.swift; path = NotificationController.swift; sourceTree = "<group>"; };
		71E5E22B26AF01B000AB7FB5 /* ProfileController.swift */ = {isa = PBXFileReference; lastKnownFileType = sourcecode.swift; path = ProfileController.swift; sourceTree = "<group>"; };
		71E5E22E26AF0E5100AB7FB5 /* FeedCell.swift */ = {isa = PBXFileReference; lastKnownFileType = sourcecode.swift; path = FeedCell.swift; sourceTree = "<group>"; };
		F04E0A88FA5474D492517C02 /* Pods-InstagramFirestore.release.xcconfig */ = {isa = PBXFileReference; includeInIndex = 1; lastKnownFileType = text.xcconfig; name = "Pods-InstagramFirestore.release.xcconfig"; path = "Target Support Files/Pods-InstagramFirestore/Pods-InstagramFirestore.release.xcconfig"; sourceTree = "<group>"; };
/* End PBXFileReference section */

/* Begin PBXFrameworksBuildPhase section */
		71E5E1F626AEFF2600AB7FB5 /* Frameworks */ = {
			isa = PBXFrameworksBuildPhase;
			buildActionMask = 2147483647;
			files = (
				E4B9134B78607077C16DD9CC /* Pods_InstagramFirestore.framework in Frameworks */,
			);
			runOnlyForDeploymentPostprocessing = 0;
		};
/* End PBXFrameworksBuildPhase section */

/* Begin PBXGroup section */
		71446DEB26B0202D0016E92E /* Authentication */ = {
			isa = PBXGroup;
			children = (
				71446DEC26B0203E0016E92E /* LoginController.swift */,
				71446DEF26B020470016E92E /* RegistrationController.swift */,
			);
			path = Authentication;
			sourceTree = "<group>";
		};
		718C2B3426B3343A005A3B56 /* Profile */ = {
			isa = PBXGroup;
			children = (
				718C2B2E26B33423005A3B56 /* ProfileCell.swift */,
				718C2B3126B33432005A3B56 /* ProfileHeader.swift */,
			);
			path = Profile;
			sourceTree = "<group>";
		};
		71E5E1F026AEFF2600AB7FB5 = {
			isa = PBXGroup;
			children = (
				71E5E1FB26AEFF2600AB7FB5 /* InstagramFirestore */,
				71E5E1FA26AEFF2600AB7FB5 /* Products */,
				9B59D9F7F99B797CAAC63263 /* Pods */,
				7BEFBBB6F61059D8DDBFBE44 /* Frameworks */,
			);
			sourceTree = "<group>";
		};
		71E5E1FA26AEFF2600AB7FB5 /* Products */ = {
			isa = PBXGroup;
			children = (
				71E5E1F926AEFF2600AB7FB5 /* InstagramFirestore.app */,
			);
			name = Products;
			sourceTree = "<group>";
		};
		71E5E1FB26AEFF2600AB7FB5 /* InstagramFirestore */ = {
			isa = PBXGroup;
			children = (
				71E5E21A26AEFF6F00AB7FB5 /* Model */,
				71E5E21926AEFF6C00AB7FB5 /* View */,
				71E5E21826AEFF6900AB7FB5 /* ViewModel */,
				71E5E21726AEFF6800AB7FB5 /* Controller */,
				71E5E21626AEFF6600AB7FB5 /* API */,
				71E5E21426AEFF5F00AB7FB5 /* Utils */,
				71E5E1FC26AEFF2600AB7FB5 /* AppDelegate.swift */,
				71E5E1FE26AEFF2600AB7FB5 /* SceneDelegate.swift */,
				71E5E20026AEFF2600AB7FB5 /* ViewController.swift */,
				71E5E20226AEFF2600AB7FB5 /* Main.storyboard */,
				71E5E20826AEFF2600AB7FB5 /* Assets.xcassets */,
				71E5E20A26AEFF2600AB7FB5 /* LaunchScreen.storyboard */,
				71E5E20D26AEFF2600AB7FB5 /* Info.plist */,
				71215A7A26B18FC500DD75F7 /* GoogleService-Info.plist */,
				71E5E20526AEFF2600AB7FB5 /* InstagramFirestore.xcdatamodeld */,
			);
			path = InstagramFirestore;
			sourceTree = "<group>";
		};
		71E5E21426AEFF5F00AB7FB5 /* Utils */ = {
			isa = PBXGroup;
			children = (
				71446DE826B01F2D0016E92E /* Extensions.swift */,
				7114D8BE26B42E8400F28E72 /* Constants.swift */,
			);
			path = Utils;
			sourceTree = "<group>";
		};
		71E5E21626AEFF6600AB7FB5 /* API */ = {
			isa = PBXGroup;
			children = (
				71215A9D26B1AC8300DD75F7 /* ImageUploader.swift */,
				71215AA126B1AC9700DD75F7 /* AuthService.swift */,
				7114D8BB26B42E3F00F28E72 /* UserService.swift */,
			);
			path = API;
			sourceTree = "<group>";
		};
		71E5E21726AEFF6800AB7FB5 /* Controller */ = {
			isa = PBXGroup;
			children = (
				71446DEB26B0202D0016E92E /* Authentication */,
				71E5E21C26AF000B00AB7FB5 /* MainTabController.swift */,
				71E5E21F26AF018D00AB7FB5 /* FeedController.swift */,
				71E5E22226AF019400AB7FB5 /* SearchController.swift */,
				71E5E22526AF019F00AB7FB5 /* ImageSelectorController.swift */,
				71E5E22826AF01A800AB7FB5 /* NotificationController.swift */,
				71E5E22B26AF01B000AB7FB5 /* ProfileController.swift */,
			);
			path = Controller;
			sourceTree = "<group>";
		};
		71E5E21826AEFF6900AB7FB5 /* ViewModel */ = {
			isa = PBXGroup;
			children = (
				71446DF626B05E260016E92E /* AuthenticationViewModel.swift */,
				7114D8C526B47A5A00F28E72 /* ProfileHeaderViewModel.swift */,
			);
			path = ViewModel;
			sourceTree = "<group>";
		};
		71E5E21926AEFF6C00AB7FB5 /* View */ = {
			isa = PBXGroup;
			children = (
				718C2B3426B3343A005A3B56 /* Profile */,
				71E5E22E26AF0E5100AB7FB5 /* FeedCell.swift */,
				71446DF326B03B040016E92E /* CustomTextField.swift */,
				71D1F4C026B5DCC1004239C1 /* UserCell.swift */,
			);
			path = View;
			sourceTree = "<group>";
		};
		71E5E21A26AEFF6F00AB7FB5 /* Model */ = {
			isa = PBXGroup;
			children = (
				7114D8C126B431D400F28E72 /* User.swift */,
			);
			path = Model;
			sourceTree = "<group>";
		};
		7BEFBBB6F61059D8DDBFBE44 /* Frameworks */ = {
			isa = PBXGroup;
			children = (
				28C64360E64C3E4A6622442E /* Pods_InstagramFirestore.framework */,
			);
			name = Frameworks;
			sourceTree = "<group>";
		};
		9B59D9F7F99B797CAAC63263 /* Pods */ = {
			isa = PBXGroup;
			children = (
				3A9B69A822018AFCEAC0FDEC /* Pods-InstagramFirestore.debug.xcconfig */,
				F04E0A88FA5474D492517C02 /* Pods-InstagramFirestore.release.xcconfig */,
			);
			path = Pods;
			sourceTree = "<group>";
		};
/* End PBXGroup section */

/* Begin PBXNativeTarget section */
		71E5E1F826AEFF2600AB7FB5 /* InstagramFirestore */ = {
			isa = PBXNativeTarget;
			buildConfigurationList = 71E5E21026AEFF2600AB7FB5 /* Build configuration list for PBXNativeTarget "InstagramFirestore" */;
			buildPhases = (
				96FDDAD74FCD4B3118704EC4 /* [CP] Check Pods Manifest.lock */,
				71E5E1F526AEFF2600AB7FB5 /* Sources */,
				71E5E1F626AEFF2600AB7FB5 /* Frameworks */,
				71E5E1F726AEFF2600AB7FB5 /* Resources */,
				66C661B01E17017DC4E79E3E /* [CP] Embed Pods Frameworks */,
			);
			buildRules = (
			);
			dependencies = (
			);
			name = InstagramFirestore;
			productName = InstagramFirestore;
			productReference = 71E5E1F926AEFF2600AB7FB5 /* InstagramFirestore.app */;
			productType = "com.apple.product-type.application";
		};
/* End PBXNativeTarget section */

/* Begin PBXProject section */
		71E5E1F126AEFF2600AB7FB5 /* Project object */ = {
			isa = PBXProject;
			attributes = {
				LastSwiftUpdateCheck = 1240;
				LastUpgradeCheck = 1240;
				TargetAttributes = {
					71E5E1F826AEFF2600AB7FB5 = {
						CreatedOnToolsVersion = 12.4;
					};
				};
			};
			buildConfigurationList = 71E5E1F426AEFF2600AB7FB5 /* Build configuration list for PBXProject "InstagramFirestore" */;
			compatibilityVersion = "Xcode 9.3";
			developmentRegion = en;
			hasScannedForEncodings = 0;
			knownRegions = (
				en,
				Base,
			);
			mainGroup = 71E5E1F026AEFF2600AB7FB5;
			productRefGroup = 71E5E1FA26AEFF2600AB7FB5 /* Products */;
			projectDirPath = "";
			projectRoot = "";
			targets = (
				71E5E1F826AEFF2600AB7FB5 /* InstagramFirestore */,
			);
		};
/* End PBXProject section */

/* Begin PBXResourcesBuildPhase section */
		71E5E1F726AEFF2600AB7FB5 /* Resources */ = {
			isa = PBXResourcesBuildPhase;
			buildActionMask = 2147483647;
			files = (
				71E5E20C26AEFF2600AB7FB5 /* LaunchScreen.storyboard in Resources */,
				71215A7B26B18FC500DD75F7 /* GoogleService-Info.plist in Resources */,
				71E5E20926AEFF2600AB7FB5 /* Assets.xcassets in Resources */,
				71E5E20426AEFF2600AB7FB5 /* Main.storyboard in Resources */,
			);
			runOnlyForDeploymentPostprocessing = 0;
		};
/* End PBXResourcesBuildPhase section */

/* Begin PBXShellScriptBuildPhase section */
		66C661B01E17017DC4E79E3E /* [CP] Embed Pods Frameworks */ = {
			isa = PBXShellScriptBuildPhase;
			buildActionMask = 2147483647;
			files = (
			);
			inputFileListPaths = (
				"${PODS_ROOT}/Target Support Files/Pods-InstagramFirestore/Pods-InstagramFirestore-frameworks-${CONFIGURATION}-input-files.xcfilelist",
			);
			name = "[CP] Embed Pods Frameworks";
			outputFileListPaths = (
				"${PODS_ROOT}/Target Support Files/Pods-InstagramFirestore/Pods-InstagramFirestore-frameworks-${CONFIGURATION}-output-files.xcfilelist",
			);
			runOnlyForDeploymentPostprocessing = 0;
			shellPath = /bin/sh;
			shellScript = "\"${PODS_ROOT}/Target Support Files/Pods-InstagramFirestore/Pods-InstagramFirestore-frameworks.sh\"\n";
			showEnvVarsInLog = 0;
		};
		96FDDAD74FCD4B3118704EC4 /* [CP] Check Pods Manifest.lock */ = {
			isa = PBXShellScriptBuildPhase;
			buildActionMask = 2147483647;
			files = (
			);
			inputFileListPaths = (
			);
			inputPaths = (
				"${PODS_PODFILE_DIR_PATH}/Podfile.lock",
				"${PODS_ROOT}/Manifest.lock",
			);
			name = "[CP] Check Pods Manifest.lock";
			outputFileListPaths = (
			);
			outputPaths = (
				"$(DERIVED_FILE_DIR)/Pods-InstagramFirestore-checkManifestLockResult.txt",
			);
			runOnlyForDeploymentPostprocessing = 0;
			shellPath = /bin/sh;
			shellScript = "diff \"${PODS_PODFILE_DIR_PATH}/Podfile.lock\" \"${PODS_ROOT}/Manifest.lock\" > /dev/null\nif [ $? != 0 ] ; then\n    # print error to STDERR\n    echo \"error: The sandbox is not in sync with the Podfile.lock. Run 'pod install' or update your CocoaPods installation.\" >&2\n    exit 1\nfi\n# This output is used by Xcode 'outputs' to avoid re-running this script phase.\necho \"SUCCESS\" > \"${SCRIPT_OUTPUT_FILE_0}\"\n";
			showEnvVarsInLog = 0;
		};
/* End PBXShellScriptBuildPhase section */

/* Begin PBXSourcesBuildPhase section */
		71E5E1F526AEFF2600AB7FB5 /* Sources */ = {
			isa = PBXSourcesBuildPhase;
			buildActionMask = 2147483647;
			files = (
				71446DF026B020470016E92E /* RegistrationController.swift in Sources */,
				7114D8BF26B42E8400F28E72 /* Constants.swift in Sources */,
				71E5E22626AF019F00AB7FB5 /* ImageSelectorController.swift in Sources */,
				71215A9E26B1AC8300DD75F7 /* ImageUploader.swift in Sources */,
				71215AA226B1AC9700DD75F7 /* AuthService.swift in Sources */,
				7114D8C626B47A5A00F28E72 /* ProfileHeaderViewModel.swift in Sources */,
				71E5E20726AEFF2600AB7FB5 /* InstagramFirestore.xcdatamodeld in Sources */,
				71E5E22026AF018D00AB7FB5 /* FeedController.swift in Sources */,
				71446DF726B05E260016E92E /* AuthenticationViewModel.swift in Sources */,
				71446DED26B0203E0016E92E /* LoginController.swift in Sources */,
				718C2B3226B33432005A3B56 /* ProfileHeader.swift in Sources */,
				71E5E20126AEFF2600AB7FB5 /* ViewController.swift in Sources */,
				71E5E22F26AF0E5100AB7FB5 /* FeedCell.swift in Sources */,
				71D1F4C126B5DCC1004239C1 /* UserCell.swift in Sources */,
				71E5E22326AF019400AB7FB5 /* SearchController.swift in Sources */,
				71E5E22C26AF01B000AB7FB5 /* ProfileController.swift in Sources */,
				71446DE926B01F2D0016E92E /* Extensions.swift in Sources */,
				7114D8BC26B42E3F00F28E72 /* UserService.swift in Sources */,
				71E5E21D26AF000B00AB7FB5 /* MainTabController.swift in Sources */,
				71E5E22926AF01A800AB7FB5 /* NotificationController.swift in Sources */,
				718C2B2F26B33423005A3B56 /* ProfileCell.swift in Sources */,
				71E5E1FD26AEFF2600AB7FB5 /* AppDelegate.swift in Sources */,
				71E5E1FF26AEFF2600AB7FB5 /* SceneDelegate.swift in Sources */,
				71446DF426B03B040016E92E /* CustomTextField.swift in Sources */,
				7114D8C226B431D400F28E72 /* User.swift in Sources */,
			);
			runOnlyForDeploymentPostprocessing = 0;
		};
/* End PBXSourcesBuildPhase section */

/* Begin PBXVariantGroup section */
		71E5E20226AEFF2600AB7FB5 /* Main.storyboard */ = {
			isa = PBXVariantGroup;
			children = (
				71E5E20326AEFF2600AB7FB5 /* Base */,
			);
			name = Main.storyboard;
			sourceTree = "<group>";
		};
		71E5E20A26AEFF2600AB7FB5 /* LaunchScreen.storyboard */ = {
			isa = PBXVariantGroup;
			children = (
				71E5E20B26AEFF2600AB7FB5 /* Base */,
			);
			name = LaunchScreen.storyboard;
			sourceTree = "<group>";
		};
/* End PBXVariantGroup section */

/* Begin XCBuildConfiguration section */
		71E5E20E26AEFF2600AB7FB5 /* Debug */ = {
			isa = XCBuildConfiguration;
			buildSettings = {
				ALWAYS_SEARCH_USER_PATHS = NO;
				CLANG_ANALYZER_NONNULL = YES;
				CLANG_ANALYZER_NUMBER_OBJECT_CONVERSION = YES_AGGRESSIVE;
				CLANG_CXX_LANGUAGE_STANDARD = "gnu++14";
				CLANG_CXX_LIBRARY = "libc++";
				CLANG_ENABLE_MODULES = YES;
				CLANG_ENABLE_OBJC_ARC = YES;
				CLANG_ENABLE_OBJC_WEAK = YES;
				CLANG_WARN_BLOCK_CAPTURE_AUTORELEASING = YES;
				CLANG_WARN_BOOL_CONVERSION = YES;
				CLANG_WARN_COMMA = YES;
				CLANG_WARN_CONSTANT_CONVERSION = YES;
				CLANG_WARN_DEPRECATED_OBJC_IMPLEMENTATIONS = YES;
				CLANG_WARN_DIRECT_OBJC_ISA_USAGE = YES_ERROR;
				CLANG_WARN_DOCUMENTATION_COMMENTS = YES;
				CLANG_WARN_EMPTY_BODY = YES;
				CLANG_WARN_ENUM_CONVERSION = YES;
				CLANG_WARN_INFINITE_RECURSION = YES;
				CLANG_WARN_INT_CONVERSION = YES;
				CLANG_WARN_NON_LITERAL_NULL_CONVERSION = YES;
				CLANG_WARN_OBJC_IMPLICIT_RETAIN_SELF = YES;
				CLANG_WARN_OBJC_LITERAL_CONVERSION = YES;
				CLANG_WARN_OBJC_ROOT_CLASS = YES_ERROR;
				CLANG_WARN_QUOTED_INCLUDE_IN_FRAMEWORK_HEADER = YES;
				CLANG_WARN_RANGE_LOOP_ANALYSIS = YES;
				CLANG_WARN_STRICT_PROTOTYPES = YES;
				CLANG_WARN_SUSPICIOUS_MOVE = YES;
				CLANG_WARN_UNGUARDED_AVAILABILITY = YES_AGGRESSIVE;
				CLANG_WARN_UNREACHABLE_CODE = YES;
				CLANG_WARN__DUPLICATE_METHOD_MATCH = YES;
				COPY_PHASE_STRIP = NO;
				DEBUG_INFORMATION_FORMAT = dwarf;
				ENABLE_STRICT_OBJC_MSGSEND = YES;
				ENABLE_TESTABILITY = YES;
				GCC_C_LANGUAGE_STANDARD = gnu11;
				GCC_DYNAMIC_NO_PIC = NO;
				GCC_NO_COMMON_BLOCKS = YES;
				GCC_OPTIMIZATION_LEVEL = 0;
				GCC_PREPROCESSOR_DEFINITIONS = (
					"DEBUG=1",
					"$(inherited)",
				);
				GCC_WARN_64_TO_32_BIT_CONVERSION = YES;
				GCC_WARN_ABOUT_RETURN_TYPE = YES_ERROR;
				GCC_WARN_UNDECLARED_SELECTOR = YES;
				GCC_WARN_UNINITIALIZED_AUTOS = YES_AGGRESSIVE;
				GCC_WARN_UNUSED_FUNCTION = YES;
				GCC_WARN_UNUSED_VARIABLE = YES;
				IPHONEOS_DEPLOYMENT_TARGET = 14.4;
				MTL_ENABLE_DEBUG_INFO = INCLUDE_SOURCE;
				MTL_FAST_MATH = YES;
				ONLY_ACTIVE_ARCH = YES;
				SDKROOT = iphoneos;
				SWIFT_ACTIVE_COMPILATION_CONDITIONS = DEBUG;
				SWIFT_OPTIMIZATION_LEVEL = "-Onone";
			};
			name = Debug;
		};
		71E5E20F26AEFF2600AB7FB5 /* Release */ = {
			isa = XCBuildConfiguration;
			buildSettings = {
				ALWAYS_SEARCH_USER_PATHS = NO;
				CLANG_ANALYZER_NONNULL = YES;
				CLANG_ANALYZER_NUMBER_OBJECT_CONVERSION = YES_AGGRESSIVE;
				CLANG_CXX_LANGUAGE_STANDARD = "gnu++14";
				CLANG_CXX_LIBRARY = "libc++";
				CLANG_ENABLE_MODULES = YES;
				CLANG_ENABLE_OBJC_ARC = YES;
				CLANG_ENABLE_OBJC_WEAK = YES;
				CLANG_WARN_BLOCK_CAPTURE_AUTORELEASING = YES;
				CLANG_WARN_BOOL_CONVERSION = YES;
				CLANG_WARN_COMMA = YES;
				CLANG_WARN_CONSTANT_CONVERSION = YES;
				CLANG_WARN_DEPRECATED_OBJC_IMPLEMENTATIONS = YES;
				CLANG_WARN_DIRECT_OBJC_ISA_USAGE = YES_ERROR;
				CLANG_WARN_DOCUMENTATION_COMMENTS = YES;
				CLANG_WARN_EMPTY_BODY = YES;
				CLANG_WARN_ENUM_CONVERSION = YES;
				CLANG_WARN_INFINITE_RECURSION = YES;
				CLANG_WARN_INT_CONVERSION = YES;
				CLANG_WARN_NON_LITERAL_NULL_CONVERSION = YES;
				CLANG_WARN_OBJC_IMPLICIT_RETAIN_SELF = YES;
				CLANG_WARN_OBJC_LITERAL_CONVERSION = YES;
				CLANG_WARN_OBJC_ROOT_CLASS = YES_ERROR;
				CLANG_WARN_QUOTED_INCLUDE_IN_FRAMEWORK_HEADER = YES;
				CLANG_WARN_RANGE_LOOP_ANALYSIS = YES;
				CLANG_WARN_STRICT_PROTOTYPES = YES;
				CLANG_WARN_SUSPICIOUS_MOVE = YES;
				CLANG_WARN_UNGUARDED_AVAILABILITY = YES_AGGRESSIVE;
				CLANG_WARN_UNREACHABLE_CODE = YES;
				CLANG_WARN__DUPLICATE_METHOD_MATCH = YES;
				COPY_PHASE_STRIP = NO;
				DEBUG_INFORMATION_FORMAT = "dwarf-with-dsym";
				ENABLE_NS_ASSERTIONS = NO;
				ENABLE_STRICT_OBJC_MSGSEND = YES;
				GCC_C_LANGUAGE_STANDARD = gnu11;
				GCC_NO_COMMON_BLOCKS = YES;
				GCC_WARN_64_TO_32_BIT_CONVERSION = YES;
				GCC_WARN_ABOUT_RETURN_TYPE = YES_ERROR;
				GCC_WARN_UNDECLARED_SELECTOR = YES;
				GCC_WARN_UNINITIALIZED_AUTOS = YES_AGGRESSIVE;
				GCC_WARN_UNUSED_FUNCTION = YES;
				GCC_WARN_UNUSED_VARIABLE = YES;
				IPHONEOS_DEPLOYMENT_TARGET = 14.4;
				MTL_ENABLE_DEBUG_INFO = NO;
				MTL_FAST_MATH = YES;
				SDKROOT = iphoneos;
				SWIFT_COMPILATION_MODE = wholemodule;
				SWIFT_OPTIMIZATION_LEVEL = "-O";
				VALIDATE_PRODUCT = YES;
			};
			name = Release;
		};
		71E5E21126AEFF2600AB7FB5 /* Debug */ = {
			isa = XCBuildConfiguration;
			baseConfigurationReference = 3A9B69A822018AFCEAC0FDEC /* Pods-InstagramFirestore.debug.xcconfig */;
			buildSettings = {
				ASSETCATALOG_COMPILER_APPICON_NAME = AppIcon;
				ASSETCATALOG_COMPILER_GLOBAL_ACCENT_COLOR_NAME = AccentColor;
				CODE_SIGN_STYLE = Automatic;
				DEVELOPMENT_TEAM = YBZMY79767;
				INFOPLIST_FILE = InstagramFirestore/Info.plist;
				LD_RUNPATH_SEARCH_PATHS = (
					"$(inherited)",
					"@executable_path/Frameworks",
				);
				PRODUCT_BUNDLE_IDENTIFIER = com.heangdev.InstagramFirestore;
				PRODUCT_NAME = "$(TARGET_NAME)";
				SWIFT_VERSION = 5.0;
				TARGETED_DEVICE_FAMILY = "1,2";
			};
			name = Debug;
		};
		71E5E21226AEFF2600AB7FB5 /* Release */ = {
			isa = XCBuildConfiguration;
			baseConfigurationReference = F04E0A88FA5474D492517C02 /* Pods-InstagramFirestore.release.xcconfig */;
			buildSettings = {
				ASSETCATALOG_COMPILER_APPICON_NAME = AppIcon;
				ASSETCATALOG_COMPILER_GLOBAL_ACCENT_COLOR_NAME = AccentColor;
				CODE_SIGN_STYLE = Automatic;
				DEVELOPMENT_TEAM = YBZMY79767;
				INFOPLIST_FILE = InstagramFirestore/Info.plist;
				LD_RUNPATH_SEARCH_PATHS = (
					"$(inherited)",
					"@executable_path/Frameworks",
				);
				PRODUCT_BUNDLE_IDENTIFIER = com.heangdev.InstagramFirestore;
				PRODUCT_NAME = "$(TARGET_NAME)";
				SWIFT_VERSION = 5.0;
				TARGETED_DEVICE_FAMILY = "1,2";
			};
			name = Release;
		};
/* End XCBuildConfiguration section */

/* Begin XCConfigurationList section */
		71E5E1F426AEFF2600AB7FB5 /* Build configuration list for PBXProject "InstagramFirestore" */ = {
			isa = XCConfigurationList;
			buildConfigurations = (
				71E5E20E26AEFF2600AB7FB5 /* Debug */,
				71E5E20F26AEFF2600AB7FB5 /* Release */,
			);
			defaultConfigurationIsVisible = 0;
			defaultConfigurationName = Release;
		};
		71E5E21026AEFF2600AB7FB5 /* Build configuration list for PBXNativeTarget "InstagramFirestore" */ = {
			isa = XCConfigurationList;
			buildConfigurations = (
				71E5E21126AEFF2600AB7FB5 /* Debug */,
				71E5E21226AEFF2600AB7FB5 /* Release */,
			);
			defaultConfigurationIsVisible = 0;
			defaultConfigurationName = Release;
		};
/* End XCConfigurationList section */

/* Begin XCVersionGroup section */
		71E5E20526AEFF2600AB7FB5 /* InstagramFirestore.xcdatamodeld */ = {
			isa = XCVersionGroup;
			children = (
				71E5E20626AEFF2600AB7FB5 /* InstagramFirestore.xcdatamodel */,
			);
			currentVersion = 71E5E20626AEFF2600AB7FB5 /* InstagramFirestore.xcdatamodel */;
			path = InstagramFirestore.xcdatamodeld;
			sourceTree = "<group>";
			versionGroupType = wrapper.xcdatamodel;
		};
/* End XCVersionGroup section */
	};
	rootObject = 71E5E1F126AEFF2600AB7FB5 /* Project object */;
}
