// !$*UTF8*$!
{
	archiveVersion = 1;
	classes = {
	};
	objectVersion = 51;
	objects = {

/* Begin PBXBuildFile section */
		71029CB726C044A500EA08F4 /* FeedCell.swift in Sources */ = {isa = PBXBuildFile; fileRef = 71029CB626C044A500EA08F4 /* FeedCell.swift */; };
		71029CBB26C0455300EA08F4 /* Extensions.swift in Sources */ = {isa = PBXBuildFile; fileRef = 71029CBA26C0455300EA08F4 /* Extensions.swift */; };
		71029CBF26C048F600EA08F4 /* Assets.xcassets in Resources */ = {isa = PBXBuildFile; fileRef = 71029CBE26C048F600EA08F4 /* Assets.xcassets */; };
		711D6C2426BEAEBE0013E9FC /* AppDelegate.swift in Sources */ = {isa = PBXBuildFile; fileRef = 711D6C2326BEAEBE0013E9FC /* AppDelegate.swift */; };
		711D6C2626BEAEBE0013E9FC /* SceneDelegate.swift in Sources */ = {isa = PBXBuildFile; fileRef = 711D6C2526BEAEBE0013E9FC /* SceneDelegate.swift */; };
		711D6C2826BEAEBE0013E9FC /* MainTabViewController.swift in Sources */ = {isa = PBXBuildFile; fileRef = 711D6C2726BEAEBE0013E9FC /* MainTabViewController.swift */; };
		711D6C3026BEAEBE0013E9FC /* LaunchScreen.storyboard in Resources */ = {isa = PBXBuildFile; fileRef = 711D6C2E26BEAEBE0013E9FC /* LaunchScreen.storyboard */; };
		714657F626C53AE400C4DCEF /* ImageUploader.swift in Sources */ = {isa = PBXBuildFile; fileRef = 714657F526C53AE400C4DCEF /* ImageUploader.swift */; };
		714657F926C53AF300C4DCEF /* AuthService.swift in Sources */ = {isa = PBXBuildFile; fileRef = 714657F826C53AF300C4DCEF /* AuthService.swift */; };
		716AC9C626BEDDF700AE02B0 /* FeedViewController.swift in Sources */ = {isa = PBXBuildFile; fileRef = 716AC9C526BEDDF700AE02B0 /* FeedViewController.swift */; };
		716AC9C926BEDE1100AE02B0 /* SearchViewController.swift in Sources */ = {isa = PBXBuildFile; fileRef = 716AC9C826BEDE1100AE02B0 /* SearchViewController.swift */; };
		716AC9CC26BEDE2100AE02B0 /* ImageSelectorViewController.swift in Sources */ = {isa = PBXBuildFile; fileRef = 716AC9CB26BEDE2100AE02B0 /* ImageSelectorViewController.swift */; };
		716AC9CF26BEDE3900AE02B0 /* NotificationViewController.swift in Sources */ = {isa = PBXBuildFile; fileRef = 716AC9CE26BEDE3900AE02B0 /* NotificationViewController.swift */; };
		716AC9D326BEDE4500AE02B0 /* ProfileViewController.swift in Sources */ = {isa = PBXBuildFile; fileRef = 716AC9D226BEDE4500AE02B0 /* ProfileViewController.swift */; };
		718610D226C4246B00AF4B57 /* GoogleService-Info.plist in Resources */ = {isa = PBXBuildFile; fileRef = 718610D126C4246B00AF4B57 /* GoogleService-Info.plist */; };
		719430A726C2A98700F28E13 /* AuthenticationViewModel.swift in Sources */ = {isa = PBXBuildFile; fileRef = 719430A626C2A98700F28E13 /* AuthenticationViewModel.swift */; };
		71C1EDCF26C157F5001B4E34 /* LoginViewController.swift in Sources */ = {isa = PBXBuildFile; fileRef = 71C1EDCE26C157F5001B4E34 /* LoginViewController.swift */; };
		71C1EDD426C15808001B4E34 /* RegisterationViewController.swift in Sources */ = {isa = PBXBuildFile; fileRef = 71C1EDD326C15808001B4E34 /* RegisterationViewController.swift */; };
		71EF9C3F26C6A32800957372 /* ProfileCell.swift in Sources */ = {isa = PBXBuildFile; fileRef = 71EF9C3E26C6A32800957372 /* ProfileCell.swift */; };
		71EF9C4326C6A33B00957372 /* ProfileHeader.swift in Sources */ = {isa = PBXBuildFile; fileRef = 71EF9C4226C6A33B00957372 /* ProfileHeader.swift */; };
		71F1D0E626C17EE700E9265B /* CustomTextField.swift in Sources */ = {isa = PBXBuildFile; fileRef = 71F1D0E526C17EE700E9265B /* CustomTextField.swift */; };
		F26DA1E33D330B62E42F7604 /* Pods_InstagramFirestore.framework in Frameworks */ = {isa = PBXBuildFile; fileRef = 904E2D2C3A1EA9ED027071D7 /* Pods_InstagramFirestore.framework */; };
/* End PBXBuildFile section */

/* Begin PBXFileReference section */
		71029CB626C044A500EA08F4 /* FeedCell.swift */ = {isa = PBXFileReference; lastKnownFileType = sourcecode.swift; path = FeedCell.swift; sourceTree = "<group>"; };
		71029CBA26C0455300EA08F4 /* Extensions.swift */ = {isa = PBXFileReference; fileEncoding = 4; lastKnownFileType = sourcecode.swift; path = Extensions.swift; sourceTree = "<group>"; };
		71029CBE26C048F600EA08F4 /* Assets.xcassets */ = {isa = PBXFileReference; lastKnownFileType = folder.assetcatalog; path = Assets.xcassets; sourceTree = "<group>"; };
		711D6C2026BEAEBE0013E9FC /* InstagramFirestore.app */ = {isa = PBXFileReference; explicitFileType = wrapper.application; includeInIndex = 0; path = InstagramFirestore.app; sourceTree = BUILT_PRODUCTS_DIR; };
		711D6C2326BEAEBE0013E9FC /* AppDelegate.swift */ = {isa = PBXFileReference; lastKnownFileType = sourcecode.swift; path = AppDelegate.swift; sourceTree = "<group>"; };
		711D6C2526BEAEBE0013E9FC /* SceneDelegate.swift */ = {isa = PBXFileReference; lastKnownFileType = sourcecode.swift; path = SceneDelegate.swift; sourceTree = "<group>"; };
		711D6C2726BEAEBE0013E9FC /* MainTabViewController.swift */ = {isa = PBXFileReference; lastKnownFileType = sourcecode.swift; path = MainTabViewController.swift; sourceTree = "<group>"; };
		711D6C2F26BEAEBE0013E9FC /* Base */ = {isa = PBXFileReference; lastKnownFileType = file.storyboard; name = Base; path = Base.lproj/LaunchScreen.storyboard; sourceTree = "<group>"; };
		711D6C3126BEAEBE0013E9FC /* Info.plist */ = {isa = PBXFileReference; lastKnownFileType = text.plist.xml; name = Info.plist; path = InstagramFirestore/Resources/Info.plist; sourceTree = SOURCE_ROOT; };
		714657F526C53AE400C4DCEF /* ImageUploader.swift */ = {isa = PBXFileReference; lastKnownFileType = sourcecode.swift; path = ImageUploader.swift; sourceTree = "<group>"; };
		714657F826C53AF300C4DCEF /* AuthService.swift */ = {isa = PBXFileReference; lastKnownFileType = sourcecode.swift; path = AuthService.swift; sourceTree = "<group>"; };
		716AC9C526BEDDF700AE02B0 /* FeedViewController.swift */ = {isa = PBXFileReference; lastKnownFileType = sourcecode.swift; path = FeedViewController.swift; sourceTree = "<group>"; };
		716AC9C826BEDE1100AE02B0 /* SearchViewController.swift */ = {isa = PBXFileReference; lastKnownFileType = sourcecode.swift; path = SearchViewController.swift; sourceTree = "<group>"; };
		716AC9CB26BEDE2100AE02B0 /* ImageSelectorViewController.swift */ = {isa = PBXFileReference; lastKnownFileType = sourcecode.swift; path = ImageSelectorViewController.swift; sourceTree = "<group>"; };
		716AC9CE26BEDE3900AE02B0 /* NotificationViewController.swift */ = {isa = PBXFileReference; lastKnownFileType = sourcecode.swift; path = NotificationViewController.swift; sourceTree = "<group>"; };
		716AC9D226BEDE4500AE02B0 /* ProfileViewController.swift */ = {isa = PBXFileReference; lastKnownFileType = sourcecode.swift; path = ProfileViewController.swift; sourceTree = "<group>"; };
		718610D126C4246B00AF4B57 /* GoogleService-Info.plist */ = {isa = PBXFileReference; fileEncoding = 4; lastKnownFileType = text.plist.xml; path = "GoogleService-Info.plist"; sourceTree = "<group>"; };
		719430A626C2A98700F28E13 /* AuthenticationViewModel.swift */ = {isa = PBXFileReference; lastKnownFileType = sourcecode.swift; path = AuthenticationViewModel.swift; sourceTree = "<group>"; };
		71C1EDCE26C157F5001B4E34 /* LoginViewController.swift */ = {isa = PBXFileReference; lastKnownFileType = sourcecode.swift; path = LoginViewController.swift; sourceTree = "<group>"; };
		71C1EDD326C15808001B4E34 /* RegisterationViewController.swift */ = {isa = PBXFileReference; lastKnownFileType = sourcecode.swift; path = RegisterationViewController.swift; sourceTree = "<group>"; };
		71EF9C3E26C6A32800957372 /* ProfileCell.swift */ = {isa = PBXFileReference; lastKnownFileType = sourcecode.swift; path = ProfileCell.swift; sourceTree = "<group>"; };
		71EF9C4226C6A33B00957372 /* ProfileHeader.swift */ = {isa = PBXFileReference; lastKnownFileType = sourcecode.swift; path = ProfileHeader.swift; sourceTree = "<group>"; };
		71F1D0E526C17EE700E9265B /* CustomTextField.swift */ = {isa = PBXFileReference; lastKnownFileType = sourcecode.swift; path = CustomTextField.swift; sourceTree = "<group>"; };
		7F92AD39AC76C840AB310089 /* Pods-InstagramFirestore.release.xcconfig */ = {isa = PBXFileReference; includeInIndex = 1; lastKnownFileType = text.xcconfig; name = "Pods-InstagramFirestore.release.xcconfig"; path = "Target Support Files/Pods-InstagramFirestore/Pods-InstagramFirestore.release.xcconfig"; sourceTree = "<group>"; };
		904E2D2C3A1EA9ED027071D7 /* Pods_InstagramFirestore.framework */ = {isa = PBXFileReference; explicitFileType = wrapper.framework; includeInIndex = 0; path = Pods_InstagramFirestore.framework; sourceTree = BUILT_PRODUCTS_DIR; };
		BAB794B5F3CAE98AE36B3BA9 /* Pods-InstagramFirestore.debug.xcconfig */ = {isa = PBXFileReference; includeInIndex = 1; lastKnownFileType = text.xcconfig; name = "Pods-InstagramFirestore.debug.xcconfig"; path = "Target Support Files/Pods-InstagramFirestore/Pods-InstagramFirestore.debug.xcconfig"; sourceTree = "<group>"; };
/* End PBXFileReference section */

/* Begin PBXFrameworksBuildPhase section */
		711D6C1D26BEAEBE0013E9FC /* Frameworks */ = {
			isa = PBXFrameworksBuildPhase;
			buildActionMask = 2147483647;
			files = (
				F26DA1E33D330B62E42F7604 /* Pods_InstagramFirestore.framework in Frameworks */,
			);
			runOnlyForDeploymentPostprocessing = 0;
		};
/* End PBXFrameworksBuildPhase section */

/* Begin PBXGroup section */
		259EB3796317E96AB298EAF2 /* Pods */ = {
			isa = PBXGroup;
			children = (
				BAB794B5F3CAE98AE36B3BA9 /* Pods-InstagramFirestore.debug.xcconfig */,
				7F92AD39AC76C840AB310089 /* Pods-InstagramFirestore.release.xcconfig */,
			);
			path = Pods;
			sourceTree = "<group>";
		};
		560FDB5B0E916193A9983F21 /* Frameworks */ = {
			isa = PBXGroup;
			children = (
				904E2D2C3A1EA9ED027071D7 /* Pods_InstagramFirestore.framework */,
			);
			name = Frameworks;
			sourceTree = "<group>";
		};
		711D6C1726BEAEBE0013E9FC = {
			isa = PBXGroup;
			children = (
				711D6C2226BEAEBE0013E9FC /* InstagramFirestore */,
				711D6C2126BEAEBE0013E9FC /* Products */,
				259EB3796317E96AB298EAF2 /* Pods */,
				560FDB5B0E916193A9983F21 /* Frameworks */,
			);
			sourceTree = "<group>";
		};
		711D6C2126BEAEBE0013E9FC /* Products */ = {
			isa = PBXGroup;
			children = (
				711D6C2026BEAEBE0013E9FC /* InstagramFirestore.app */,
			);
			name = Products;
			sourceTree = "<group>";
		};
		711D6C2226BEAEBE0013E9FC /* InstagramFirestore */ = {
			isa = PBXGroup;
			children = (
				711D6C3926BEDBF10013E9FC /* Models */,
				711D6C3A26BEDBFD0013E9FC /* Views */,
				711D6C3C26BEDC0A0013E9FC /* ViewModels */,
				711D6C3B26BEDC000013E9FC /* Controllers */,
				711D6C3E26BEDC320013E9FC /* API */,
				711D6C3F26BEDC350013E9FC /* Utils */,
				711D6C3D26BEDC130013E9FC /* Resources */,
			);
			path = InstagramFirestore;
			sourceTree = "<group>";
		};
		711D6C3926BEDBF10013E9FC /* Models */ = {
			isa = PBXGroup;
			children = (
			);
			path = Models;
			sourceTree = "<group>";
		};
		711D6C3A26BEDBFD0013E9FC /* Views */ = {
			isa = PBXGroup;
			children = (
				71EF9C4526C6A34100957372 /* Profile */,
				71029CB626C044A500EA08F4 /* FeedCell.swift */,
				71F1D0E526C17EE700E9265B /* CustomTextField.swift */,
				711D6C2E26BEAEBE0013E9FC /* LaunchScreen.storyboard */,
			);
			path = Views;
			sourceTree = "<group>";
		};
		711D6C3B26BEDC000013E9FC /* Controllers */ = {
			isa = PBXGroup;
			children = (
				71C1EDCD26C157DE001B4E34 /* Authentication */,
				711D6C2726BEAEBE0013E9FC /* MainTabViewController.swift */,
				716AC9C526BEDDF700AE02B0 /* FeedViewController.swift */,
				716AC9C826BEDE1100AE02B0 /* SearchViewController.swift */,
				716AC9CB26BEDE2100AE02B0 /* ImageSelectorViewController.swift */,
				716AC9CE26BEDE3900AE02B0 /* NotificationViewController.swift */,
				716AC9D226BEDE4500AE02B0 /* ProfileViewController.swift */,
			);
			path = Controllers;
			sourceTree = "<group>";
		};
		711D6C3C26BEDC0A0013E9FC /* ViewModels */ = {
			isa = PBXGroup;
			children = (
				719430A626C2A98700F28E13 /* AuthenticationViewModel.swift */,
			);
			path = ViewModels;
			sourceTree = "<group>";
		};
		711D6C3D26BEDC130013E9FC /* Resources */ = {
			isa = PBXGroup;
			children = (
				711D6C2526BEAEBE0013E9FC /* SceneDelegate.swift */,
				711D6C2326BEAEBE0013E9FC /* AppDelegate.swift */,
				711D6C3126BEAEBE0013E9FC /* Info.plist */,
				718610D126C4246B00AF4B57 /* GoogleService-Info.plist */,
				71029CBE26C048F600EA08F4 /* Assets.xcassets */,
			);
			path = Resources;
			sourceTree = "<group>";
		};
		711D6C3E26BEDC320013E9FC /* API */ = {
			isa = PBXGroup;
			children = (
				714657F526C53AE400C4DCEF /* ImageUploader.swift */,
				714657F826C53AF300C4DCEF /* AuthService.swift */,
			);
			path = API;
			sourceTree = "<group>";
		};
		711D6C3F26BEDC350013E9FC /* Utils */ = {
			isa = PBXGroup;
			children = (
				71029CBA26C0455300EA08F4 /* Extensions.swift */,
			);
			path = Utils;
			sourceTree = "<group>";
		};
		71C1EDCD26C157DE001B4E34 /* Authentication */ = {
			isa = PBXGroup;
			children = (
				71C1EDCE26C157F5001B4E34 /* LoginViewController.swift */,
				71C1EDD326C15808001B4E34 /* RegisterationViewController.swift */,
			);
			path = Authentication;
			sourceTree = "<group>";
		};
		71EF9C4526C6A34100957372 /* Profile */ = {
			isa = PBXGroup;
			children = (
				71EF9C3E26C6A32800957372 /* ProfileCell.swift */,
				71EF9C4226C6A33B00957372 /* ProfileHeader.swift */,
			);
			path = Profile;
			sourceTree = "<group>";
		};
/* End PBXGroup section */

/* Begin PBXNativeTarget section */
		711D6C1F26BEAEBE0013E9FC /* InstagramFirestore */ = {
			isa = PBXNativeTarget;
			buildConfigurationList = 711D6C3426BEAEBE0013E9FC /* Build configuration list for PBXNativeTarget "InstagramFirestore" */;
			buildPhases = (
				E960FA686A79F47C7D6EB310 /* [CP] Check Pods Manifest.lock */,
				711D6C1C26BEAEBE0013E9FC /* Sources */,
				711D6C1D26BEAEBE0013E9FC /* Frameworks */,
				711D6C1E26BEAEBE0013E9FC /* Resources */,
				CAA8EE61E1EC3870AF5601FF /* [CP] Embed Pods Frameworks */,
			);
			buildRules = (
			);
			dependencies = (
			);
			name = InstagramFirestore;
			productName = InstagramFirestore;
			productReference = 711D6C2026BEAEBE0013E9FC /* InstagramFirestore.app */;
			productType = "com.apple.product-type.application";
		};
/* End PBXNativeTarget section */

/* Begin PBXProject section */
		711D6C1826BEAEBE0013E9FC /* Project object */ = {
			isa = PBXProject;
			attributes = {
				LastSwiftUpdateCheck = 1240;
				LastUpgradeCheck = 1240;
				TargetAttributes = {
					711D6C1F26BEAEBE0013E9FC = {
						CreatedOnToolsVersion = 12.4;
					};
				};
			};
			buildConfigurationList = 711D6C1B26BEAEBE0013E9FC /* Build configuration list for PBXProject "InstagramFirestore" */;
			compatibilityVersion = "Xcode 9.3";
			developmentRegion = en;
			hasScannedForEncodings = 0;
			knownRegions = (
				en,
				Base,
			);
			mainGroup = 711D6C1726BEAEBE0013E9FC;
			productRefGroup = 711D6C2126BEAEBE0013E9FC /* Products */;
			projectDirPath = "";
			projectRoot = "";
			targets = (
				711D6C1F26BEAEBE0013E9FC /* InstagramFirestore */,
			);
		};
/* End PBXProject section */

/* Begin PBXResourcesBuildPhase section */
		711D6C1E26BEAEBE0013E9FC /* Resources */ = {
			isa = PBXResourcesBuildPhase;
			buildActionMask = 2147483647;
			files = (
				71029CBF26C048F600EA08F4 /* Assets.xcassets in Resources */,
				711D6C3026BEAEBE0013E9FC /* LaunchScreen.storyboard in Resources */,
				718610D226C4246B00AF4B57 /* GoogleService-Info.plist in Resources */,
			);
			runOnlyForDeploymentPostprocessing = 0;
		};
/* End PBXResourcesBuildPhase section */

/* Begin PBXShellScriptBuildPhase section */
		CAA8EE61E1EC3870AF5601FF /* [CP] Embed Pods Frameworks */ = {
			isa = PBXShellScriptBuildPhase;
			buildActionMask = 2147483647;
			files = (
			);
			inputFileListPaths = (
				"${PODS_ROOT}/Target Support Files/Pods-InstagramFirestore/Pods-InstagramFirestore-frameworks-${CONFIGURATION}-input-files.xcfilelist",
			);
			name = "[CP] Embed Pods Frameworks";
			outputFileListPaths = (
				"${PODS_ROOT}/Target Support Files/Pods-InstagramFirestore/Pods-InstagramFirestore-frameworks-${CONFIGURATION}-output-files.xcfilelist",
			);
			runOnlyForDeploymentPostprocessing = 0;
			shellPath = /bin/sh;
			shellScript = "\"${PODS_ROOT}/Target Support Files/Pods-InstagramFirestore/Pods-InstagramFirestore-frameworks.sh\"\n";
			showEnvVarsInLog = 0;
		};
		E960FA686A79F47C7D6EB310 /* [CP] Check Pods Manifest.lock */ = {
			isa = PBXShellScriptBuildPhase;
			buildActionMask = 2147483647;
			files = (
			);
			inputFileListPaths = (
			);
			inputPaths = (
				"${PODS_PODFILE_DIR_PATH}/Podfile.lock",
				"${PODS_ROOT}/Manifest.lock",
			);
			name = "[CP] Check Pods Manifest.lock";
			outputFileListPaths = (
			);
			outputPaths = (
				"$(DERIVED_FILE_DIR)/Pods-InstagramFirestore-checkManifestLockResult.txt",
			);
			runOnlyForDeploymentPostprocessing = 0;
			shellPath = /bin/sh;
			shellScript = "diff \"${PODS_PODFILE_DIR_PATH}/Podfile.lock\" \"${PODS_ROOT}/Manifest.lock\" > /dev/null\nif [ $? != 0 ] ; then\n    # print error to STDERR\n    echo \"error: The sandbox is not in sync with the Podfile.lock. Run 'pod install' or update your CocoaPods installation.\" >&2\n    exit 1\nfi\n# This output is used by Xcode 'outputs' to avoid re-running this script phase.\necho \"SUCCESS\" > \"${SCRIPT_OUTPUT_FILE_0}\"\n";
			showEnvVarsInLog = 0;
		};
/* End PBXShellScriptBuildPhase section */

/* Begin PBXSourcesBuildPhase section */
		711D6C1C26BEAEBE0013E9FC /* Sources */ = {
			isa = PBXSourcesBuildPhase;
			buildActionMask = 2147483647;
			files = (
				71EF9C3F26C6A32800957372 /* ProfileCell.swift in Sources */,
				71F1D0E626C17EE700E9265B /* CustomTextField.swift in Sources */,
				71C1EDCF26C157F5001B4E34 /* LoginViewController.swift in Sources */,
				714657F626C53AE400C4DCEF /* ImageUploader.swift in Sources */,
				719430A726C2A98700F28E13 /* AuthenticationViewModel.swift in Sources */,
				71C1EDD426C15808001B4E34 /* RegisterationViewController.swift in Sources */,
				71EF9C4326C6A33B00957372 /* ProfileHeader.swift in Sources */,
				716AC9C926BEDE1100AE02B0 /* SearchViewController.swift in Sources */,
				711D6C2826BEAEBE0013E9FC /* MainTabViewController.swift in Sources */,
				711D6C2426BEAEBE0013E9FC /* AppDelegate.swift in Sources */,
				716AC9CF26BEDE3900AE02B0 /* NotificationViewController.swift in Sources */,
				716AC9C626BEDDF700AE02B0 /* FeedViewController.swift in Sources */,
				71029CBB26C0455300EA08F4 /* Extensions.swift in Sources */,
				716AC9CC26BEDE2100AE02B0 /* ImageSelectorViewController.swift in Sources */,
				716AC9D326BEDE4500AE02B0 /* ProfileViewController.swift in Sources */,
				711D6C2626BEAEBE0013E9FC /* SceneDelegate.swift in Sources */,
				71029CB726C044A500EA08F4 /* FeedCell.swift in Sources */,
				714657F926C53AF300C4DCEF /* AuthService.swift in Sources */,
			);
			runOnlyForDeploymentPostprocessing = 0;
		};
/* End PBXSourcesBuildPhase section */

/* Begin PBXVariantGroup section */
		711D6C2E26BEAEBE0013E9FC /* LaunchScreen.storyboard */ = {
			isa = PBXVariantGroup;
			children = (
				711D6C2F26BEAEBE0013E9FC /* Base */,
			);
			name = LaunchScreen.storyboard;
			sourceTree = "<group>";
		};
/* End PBXVariantGroup section */

/* Begin XCBuildConfiguration section */
		711D6C3226BEAEBE0013E9FC /* Debug */ = {
			isa = XCBuildConfiguration;
			buildSettings = {
				ALWAYS_SEARCH_USER_PATHS = NO;
				CLANG_ANALYZER_NONNULL = YES;
				CLANG_ANALYZER_NUMBER_OBJECT_CONVERSION = YES_AGGRESSIVE;
				CLANG_CXX_LANGUAGE_STANDARD = "gnu++14";
				CLANG_CXX_LIBRARY = "libc++";
				CLANG_ENABLE_MODULES = YES;
				CLANG_ENABLE_OBJC_ARC = YES;
				CLANG_ENABLE_OBJC_WEAK = YES;
				CLANG_WARN_BLOCK_CAPTURE_AUTORELEASING = YES;
				CLANG_WARN_BOOL_CONVERSION = YES;
				CLANG_WARN_COMMA = YES;
				CLANG_WARN_CONSTANT_CONVERSION = YES;
				CLANG_WARN_DEPRECATED_OBJC_IMPLEMENTATIONS = YES;
				CLANG_WARN_DIRECT_OBJC_ISA_USAGE = YES_ERROR;
				CLANG_WARN_DOCUMENTATION_COMMENTS = YES;
				CLANG_WARN_EMPTY_BODY = YES;
				CLANG_WARN_ENUM_CONVERSION = YES;
				CLANG_WARN_INFINITE_RECURSION = YES;
				CLANG_WARN_INT_CONVERSION = YES;
				CLANG_WARN_NON_LITERAL_NULL_CONVERSION = YES;
				CLANG_WARN_OBJC_IMPLICIT_RETAIN_SELF = YES;
				CLANG_WARN_OBJC_LITERAL_CONVERSION = YES;
				CLANG_WARN_OBJC_ROOT_CLASS = YES_ERROR;
				CLANG_WARN_QUOTED_INCLUDE_IN_FRAMEWORK_HEADER = YES;
				CLANG_WARN_RANGE_LOOP_ANALYSIS = YES;
				CLANG_WARN_STRICT_PROTOTYPES = YES;
				CLANG_WARN_SUSPICIOUS_MOVE = YES;
				CLANG_WARN_UNGUARDED_AVAILABILITY = YES_AGGRESSIVE;
				CLANG_WARN_UNREACHABLE_CODE = YES;
				CLANG_WARN__DUPLICATE_METHOD_MATCH = YES;
				COPY_PHASE_STRIP = NO;
				DEBUG_INFORMATION_FORMAT = dwarf;
				ENABLE_STRICT_OBJC_MSGSEND = YES;
				ENABLE_TESTABILITY = YES;
				GCC_C_LANGUAGE_STANDARD = gnu11;
				GCC_DYNAMIC_NO_PIC = NO;
				GCC_NO_COMMON_BLOCKS = YES;
				GCC_OPTIMIZATION_LEVEL = 0;
				GCC_PREPROCESSOR_DEFINITIONS = (
					"DEBUG=1",
					"$(inherited)",
				);
				GCC_WARN_64_TO_32_BIT_CONVERSION = YES;
				GCC_WARN_ABOUT_RETURN_TYPE = YES_ERROR;
				GCC_WARN_UNDECLARED_SELECTOR = YES;
				GCC_WARN_UNINITIALIZED_AUTOS = YES_AGGRESSIVE;
				GCC_WARN_UNUSED_FUNCTION = YES;
				GCC_WARN_UNUSED_VARIABLE = YES;
				IPHONEOS_DEPLOYMENT_TARGET = 14.4;
				MTL_ENABLE_DEBUG_INFO = INCLUDE_SOURCE;
				MTL_FAST_MATH = YES;
				ONLY_ACTIVE_ARCH = YES;
				SDKROOT = iphoneos;
				SWIFT_ACTIVE_COMPILATION_CONDITIONS = DEBUG;
				SWIFT_OPTIMIZATION_LEVEL = "-Onone";
			};
			name = Debug;
		};
		711D6C3326BEAEBE0013E9FC /* Release */ = {
			isa = XCBuildConfiguration;
			buildSettings = {
				ALWAYS_SEARCH_USER_PATHS = NO;
				CLANG_ANALYZER_NONNULL = YES;
				CLANG_ANALYZER_NUMBER_OBJECT_CONVERSION = YES_AGGRESSIVE;
				CLANG_CXX_LANGUAGE_STANDARD = "gnu++14";
				CLANG_CXX_LIBRARY = "libc++";
				CLANG_ENABLE_MODULES = YES;
				CLANG_ENABLE_OBJC_ARC = YES;
				CLANG_ENABLE_OBJC_WEAK = YES;
				CLANG_WARN_BLOCK_CAPTURE_AUTORELEASING = YES;
				CLANG_WARN_BOOL_CONVERSION = YES;
				CLANG_WARN_COMMA = YES;
				CLANG_WARN_CONSTANT_CONVERSION = YES;
				CLANG_WARN_DEPRECATED_OBJC_IMPLEMENTATIONS = YES;
				CLANG_WARN_DIRECT_OBJC_ISA_USAGE = YES_ERROR;
				CLANG_WARN_DOCUMENTATION_COMMENTS = YES;
				CLANG_WARN_EMPTY_BODY = YES;
				CLANG_WARN_ENUM_CONVERSION = YES;
				CLANG_WARN_INFINITE_RECURSION = YES;
				CLANG_WARN_INT_CONVERSION = YES;
				CLANG_WARN_NON_LITERAL_NULL_CONVERSION = YES;
				CLANG_WARN_OBJC_IMPLICIT_RETAIN_SELF = YES;
				CLANG_WARN_OBJC_LITERAL_CONVERSION = YES;
				CLANG_WARN_OBJC_ROOT_CLASS = YES_ERROR;
				CLANG_WARN_QUOTED_INCLUDE_IN_FRAMEWORK_HEADER = YES;
				CLANG_WARN_RANGE_LOOP_ANALYSIS = YES;
				CLANG_WARN_STRICT_PROTOTYPES = YES;
				CLANG_WARN_SUSPICIOUS_MOVE = YES;
				CLANG_WARN_UNGUARDED_AVAILABILITY = YES_AGGRESSIVE;
				CLANG_WARN_UNREACHABLE_CODE = YES;
				CLANG_WARN__DUPLICATE_METHOD_MATCH = YES;
				COPY_PHASE_STRIP = NO;
				DEBUG_INFORMATION_FORMAT = "dwarf-with-dsym";
				ENABLE_NS_ASSERTIONS = NO;
				ENABLE_STRICT_OBJC_MSGSEND = YES;
				GCC_C_LANGUAGE_STANDARD = gnu11;
				GCC_NO_COMMON_BLOCKS = YES;
				GCC_WARN_64_TO_32_BIT_CONVERSION = YES;
				GCC_WARN_ABOUT_RETURN_TYPE = YES_ERROR;
				GCC_WARN_UNDECLARED_SELECTOR = YES;
				GCC_WARN_UNINITIALIZED_AUTOS = YES_AGGRESSIVE;
				GCC_WARN_UNUSED_FUNCTION = YES;
				GCC_WARN_UNUSED_VARIABLE = YES;
				IPHONEOS_DEPLOYMENT_TARGET = 14.4;
				MTL_ENABLE_DEBUG_INFO = NO;
				MTL_FAST_MATH = YES;
				SDKROOT = iphoneos;
				SWIFT_COMPILATION_MODE = wholemodule;
				SWIFT_OPTIMIZATION_LEVEL = "-O";
				VALIDATE_PRODUCT = YES;
			};
			name = Release;
		};
		711D6C3526BEAEBE0013E9FC /* Debug */ = {
			isa = XCBuildConfiguration;
			baseConfigurationReference = BAB794B5F3CAE98AE36B3BA9 /* Pods-InstagramFirestore.debug.xcconfig */;
			buildSettings = {
				ASSETCATALOG_COMPILER_APPICON_NAME = AppIcon;
				ASSETCATALOG_COMPILER_GLOBAL_ACCENT_COLOR_NAME = AccentColor;
				CODE_SIGN_STYLE = Automatic;
				DEVELOPMENT_TEAM = YBZMY79767;
				INFOPLIST_FILE = InstagramFirestore/Resources/Info.plist;
				LD_RUNPATH_SEARCH_PATHS = (
					"$(inherited)",
					"@executable_path/Frameworks",
				);
				PRODUCT_BUNDLE_IDENTIFIER = com.heangdev.InstagramFirestore;
				PRODUCT_NAME = "$(TARGET_NAME)";
				SWIFT_VERSION = 5.0;
				TARGETED_DEVICE_FAMILY = "1,2";
			};
			name = Debug;
		};
		711D6C3626BEAEBE0013E9FC /* Release */ = {
			isa = XCBuildConfiguration;
			baseConfigurationReference = 7F92AD39AC76C840AB310089 /* Pods-InstagramFirestore.release.xcconfig */;
			buildSettings = {
				ASSETCATALOG_COMPILER_APPICON_NAME = AppIcon;
				ASSETCATALOG_COMPILER_GLOBAL_ACCENT_COLOR_NAME = AccentColor;
				CODE_SIGN_STYLE = Automatic;
				DEVELOPMENT_TEAM = YBZMY79767;
				INFOPLIST_FILE = InstagramFirestore/Resources/Info.plist;
				LD_RUNPATH_SEARCH_PATHS = (
					"$(inherited)",
					"@executable_path/Frameworks",
				);
				PRODUCT_BUNDLE_IDENTIFIER = com.heangdev.InstagramFirestore;
				PRODUCT_NAME = "$(TARGET_NAME)";
				SWIFT_VERSION = 5.0;
				TARGETED_DEVICE_FAMILY = "1,2";
			};
			name = Release;
		};
/* End XCBuildConfiguration section */

/* Begin XCConfigurationList section */
		711D6C1B26BEAEBE0013E9FC /* Build configuration list for PBXProject "InstagramFirestore" */ = {
			isa = XCConfigurationList;
			buildConfigurations = (
				711D6C3226BEAEBE0013E9FC /* Debug */,
				711D6C3326BEAEBE0013E9FC /* Release */,
			);
			defaultConfigurationIsVisible = 0;
			defaultConfigurationName = Release;
		};
		711D6C3426BEAEBE0013E9FC /* Build configuration list for PBXNativeTarget "InstagramFirestore" */ = {
			isa = XCConfigurationList;
			buildConfigurations = (
				711D6C3526BEAEBE0013E9FC /* Debug */,
				711D6C3626BEAEBE0013E9FC /* Release */,
			);
			defaultConfigurationIsVisible = 0;
			defaultConfigurationName = Release;
		};
/* End XCConfigurationList section */
	};
	rootObject = 711D6C1826BEAEBE0013E9FC /* Project object */;
}
