// !$*UTF8*$!
{
	archiveVersion = 1;
	classes = {
	};
	objectVersion = 55;
	objects = {

/* Begin PBXBuildFile section */
		6AC4655F0C0C33CFAE21A501 /* Pods_StockAPI.framework in Frameworks */ = {isa = PBXBuildFile; fileRef = 5806EAE4AE2084495C6EA76B /* Pods_StockAPI.framework */; };
		7114B764272440FB00339308 /* Asset.swift in Sources */ = {isa = PBXBuildFile; fileRef = 7114B763272440FB00339308 /* Asset.swift */; };
		713987C4271C47330009EC02 /* AppDelegate.swift in Sources */ = {isa = PBXBuildFile; fileRef = 713987C3271C47330009EC02 /* AppDelegate.swift */; };
		713987C6271C47330009EC02 /* SceneDelegate.swift in Sources */ = {isa = PBXBuildFile; fileRef = 713987C5271C47330009EC02 /* SceneDelegate.swift */; };
		713987C8271C47330009EC02 /* SearchTableViewController.swift in Sources */ = {isa = PBXBuildFile; fileRef = 713987C7271C47330009EC02 /* SearchTableViewController.swift */; };
		713987CD271C47340009EC02 /* Assets.xcassets in Resources */ = {isa = PBXBuildFile; fileRef = 713987CC271C47340009EC02 /* Assets.xcassets */; };
		713987D0271C47340009EC02 /* LaunchScreen.storyboard in Resources */ = {isa = PBXBuildFile; fileRef = 713987CE271C47340009EC02 /* LaunchScreen.storyboard */; };
		7152AD6C271F106400B51C38 /* UIanimatable.swift in Sources */ = {isa = PBXBuildFile; fileRef = 7152AD6B271F106400B51C38 /* UIanimatable.swift */; };
		71629FE8272035E2005B065E /* SearchDetailTableViewController.swift in Sources */ = {isa = PBXBuildFile; fileRef = 71629FE7272035E2005B065E /* SearchDetailTableViewController.swift */; };
		71629FEA27203615005B065E /* SearchDetailTableViewFirstCell.swift in Sources */ = {isa = PBXBuildFile; fileRef = 71629FE927203615005B065E /* SearchDetailTableViewFirstCell.swift */; };
		716446D32720787100A13F66 /* SearchDetailTableViewSecondCell.swift in Sources */ = {isa = PBXBuildFile; fileRef = 716446D22720787100A13F66 /* SearchDetailTableViewSecondCell.swift */; };
		719B30DC271DD07200C7D5D7 /* APIService.swift in Sources */ = {isa = PBXBuildFile; fileRef = 719B30DB271DD07200C7D5D7 /* APIService.swift */; };
		719B30DF271DD16600C7D5D7 /* APIKey.swift in Sources */ = {isa = PBXBuildFile; fileRef = 719B30DE271DD16600C7D5D7 /* APIKey.swift */; };
		719B30E1271DD2AC00C7D5D7 /* SearchResult.swift in Sources */ = {isa = PBXBuildFile; fileRef = 719B30E0271DD2AC00C7D5D7 /* SearchResult.swift */; };
		71AB4E592721ADF20074D3CA /* TimeSeriesMonthlyAdjusted.swift in Sources */ = {isa = PBXBuildFile; fileRef = 71AB4E582721ADF20074D3CA /* TimeSeriesMonthlyAdjusted.swift */; };
		71E094FA271C4E970014FA6B /* SearchTableViewCell.swift in Sources */ = {isa = PBXBuildFile; fileRef = 71E094F9271C4E970014FA6B /* SearchTableViewCell.swift */; };
/* End PBXBuildFile section */

/* Begin PBXFileReference section */
		5806EAE4AE2084495C6EA76B /* Pods_StockAPI.framework */ = {isa = PBXFileReference; explicitFileType = wrapper.framework; includeInIndex = 0; path = Pods_StockAPI.framework; sourceTree = BUILT_PRODUCTS_DIR; };
		7114B763272440FB00339308 /* Asset.swift */ = {isa = PBXFileReference; lastKnownFileType = sourcecode.swift; path = Asset.swift; sourceTree = "<group>"; };
		713987C0271C47330009EC02 /* StockAPI.app */ = {isa = PBXFileReference; explicitFileType = wrapper.application; includeInIndex = 0; path = StockAPI.app; sourceTree = BUILT_PRODUCTS_DIR; };
		713987C3271C47330009EC02 /* AppDelegate.swift */ = {isa = PBXFileReference; lastKnownFileType = sourcecode.swift; path = AppDelegate.swift; sourceTree = "<group>"; };
		713987C5271C47330009EC02 /* SceneDelegate.swift */ = {isa = PBXFileReference; lastKnownFileType = sourcecode.swift; path = SceneDelegate.swift; sourceTree = "<group>"; };
		713987C7271C47330009EC02 /* SearchTableViewController.swift */ = {isa = PBXFileReference; lastKnownFileType = sourcecode.swift; path = SearchTableViewController.swift; sourceTree = "<group>"; };
		713987CC271C47340009EC02 /* Assets.xcassets */ = {isa = PBXFileReference; lastKnownFileType = folder.assetcatalog; path = Assets.xcassets; sourceTree = "<group>"; };
		713987CF271C47340009EC02 /* Base */ = {isa = PBXFileReference; lastKnownFileType = file.storyboard; name = Base; path = Base.lproj/LaunchScreen.storyboard; sourceTree = "<group>"; };
		713987D1271C47340009EC02 /* Info.plist */ = {isa = PBXFileReference; lastKnownFileType = text.plist.xml; path = Info.plist; sourceTree = "<group>"; };
		7152AD6B271F106400B51C38 /* UIanimatable.swift */ = {isa = PBXFileReference; lastKnownFileType = sourcecode.swift; path = UIanimatable.swift; sourceTree = "<group>"; };
		71629FE7272035E2005B065E /* SearchDetailTableViewController.swift */ = {isa = PBXFileReference; lastKnownFileType = sourcecode.swift; path = SearchDetailTableViewController.swift; sourceTree = "<group>"; };
		71629FE927203615005B065E /* SearchDetailTableViewFirstCell.swift */ = {isa = PBXFileReference; lastKnownFileType = sourcecode.swift; path = SearchDetailTableViewFirstCell.swift; sourceTree = "<group>"; };
		716446D22720787100A13F66 /* SearchDetailTableViewSecondCell.swift */ = {isa = PBXFileReference; lastKnownFileType = sourcecode.swift; path = SearchDetailTableViewSecondCell.swift; sourceTree = "<group>"; };
		719B30DB271DD07200C7D5D7 /* APIService.swift */ = {isa = PBXFileReference; lastKnownFileType = sourcecode.swift; path = APIService.swift; sourceTree = "<group>"; };
		719B30DE271DD16600C7D5D7 /* APIKey.swift */ = {isa = PBXFileReference; lastKnownFileType = sourcecode.swift; path = APIKey.swift; sourceTree = "<group>"; };
		719B30E0271DD2AC00C7D5D7 /* SearchResult.swift */ = {isa = PBXFileReference; lastKnownFileType = sourcecode.swift; path = SearchResult.swift; sourceTree = "<group>"; };
		71AB4E582721ADF20074D3CA /* TimeSeriesMonthlyAdjusted.swift */ = {isa = PBXFileReference; lastKnownFileType = sourcecode.swift; path = TimeSeriesMonthlyAdjusted.swift; sourceTree = "<group>"; };
		71E094F9271C4E970014FA6B /* SearchTableViewCell.swift */ = {isa = PBXFileReference; lastKnownFileType = sourcecode.swift; path = SearchTableViewCell.swift; sourceTree = "<group>"; };
		874C935D75798F29FEF73A30 /* Pods-StockAPI.release.xcconfig */ = {isa = PBXFileReference; includeInIndex = 1; lastKnownFileType = text.xcconfig; name = "Pods-StockAPI.release.xcconfig"; path = "Target Support Files/Pods-StockAPI/Pods-StockAPI.release.xcconfig"; sourceTree = "<group>"; };
		AD5D52481B2502C5018112C6 /* Pods-StockAPI.debug.xcconfig */ = {isa = PBXFileReference; includeInIndex = 1; lastKnownFileType = text.xcconfig; name = "Pods-StockAPI.debug.xcconfig"; path = "Target Support Files/Pods-StockAPI/Pods-StockAPI.debug.xcconfig"; sourceTree = "<group>"; };
/* End PBXFileReference section */

/* Begin PBXFrameworksBuildPhase section */
		713987BD271C47330009EC02 /* Frameworks */ = {
			isa = PBXFrameworksBuildPhase;
			buildActionMask = 2147483647;
			files = (
				6AC4655F0C0C33CFAE21A501 /* Pods_StockAPI.framework in Frameworks */,
			);
			runOnlyForDeploymentPostprocessing = 0;
		};
/* End PBXFrameworksBuildPhase section */

/* Begin PBXGroup section */
		297D7642483B2DAFDCB05A39 /* Pods */ = {
			isa = PBXGroup;
			children = (
				AD5D52481B2502C5018112C6 /* Pods-StockAPI.debug.xcconfig */,
				874C935D75798F29FEF73A30 /* Pods-StockAPI.release.xcconfig */,
			);
			path = Pods;
			sourceTree = "<group>";
		};
		713987B7271C47330009EC02 = {
			isa = PBXGroup;
			children = (
				713987C2271C47330009EC02 /* StockAPI */,
				713987C1271C47330009EC02 /* Products */,
				297D7642483B2DAFDCB05A39 /* Pods */,
				80DA30296643528D71C876E8 /* Frameworks */,
			);
			sourceTree = "<group>";
		};
		713987C1271C47330009EC02 /* Products */ = {
			isa = PBXGroup;
			children = (
				713987C0271C47330009EC02 /* StockAPI.app */,
			);
			name = Products;
			sourceTree = "<group>";
		};
		713987C2271C47330009EC02 /* StockAPI */ = {
			isa = PBXGroup;
			children = (
				71E094F7271C4C900014FA6B /* Modals */,
				71E094F8271C4E6A0014FA6B /* Views */,
				71E094F6271C4C870014FA6B /* Controllers */,
				719B30DA271DD05300C7D5D7 /* Service */,
				7152AD6A271F104600B51C38 /* Protocol */,
				71E094F5271C4C220014FA6B /* Resources */,
				719B30DD271DD14600C7D5D7 /* Secret */,
				713987CE271C47340009EC02 /* LaunchScreen.storyboard */,
				713987D1271C47340009EC02 /* Info.plist */,
			);
			path = StockAPI;
			sourceTree = "<group>";
		};
		7152AD6A271F104600B51C38 /* Protocol */ = {
			isa = PBXGroup;
			children = (
				7152AD6B271F106400B51C38 /* UIanimatable.swift */,
			);
			path = Protocol;
			sourceTree = "<group>";
		};
		719B30DA271DD05300C7D5D7 /* Service */ = {
			isa = PBXGroup;
			children = (
				719B30DB271DD07200C7D5D7 /* APIService.swift */,
			);
			path = Service;
			sourceTree = "<group>";
		};
		719B30DD271DD14600C7D5D7 /* Secret */ = {
			isa = PBXGroup;
			children = (
				719B30DE271DD16600C7D5D7 /* APIKey.swift */,
			);
			path = Secret;
			sourceTree = "<group>";
		};
		71E094F5271C4C220014FA6B /* Resources */ = {
			isa = PBXGroup;
			children = (
				713987CC271C47340009EC02 /* Assets.xcassets */,
				713987C3271C47330009EC02 /* AppDelegate.swift */,
				713987C5271C47330009EC02 /* SceneDelegate.swift */,
			);
			path = Resources;
			sourceTree = "<group>";
		};
		71E094F6271C4C870014FA6B /* Controllers */ = {
			isa = PBXGroup;
			children = (
				713987C7271C47330009EC02 /* SearchTableViewController.swift */,
				71629FE7272035E2005B065E /* SearchDetailTableViewController.swift */,
			);
			path = Controllers;
			sourceTree = "<group>";
		};
		71E094F7271C4C900014FA6B /* Modals */ = {
			isa = PBXGroup;
			children = (
				719B30E0271DD2AC00C7D5D7 /* SearchResult.swift */,
				71AB4E582721ADF20074D3CA /* TimeSeriesMonthlyAdjusted.swift */,
				7114B763272440FB00339308 /* Asset.swift */,
			);
			path = Modals;
			sourceTree = "<group>";
		};
		71E094F8271C4E6A0014FA6B /* Views */ = {
			isa = PBXGroup;
			children = (
				71E094F9271C4E970014FA6B /* SearchTableViewCell.swift */,
				71629FE927203615005B065E /* SearchDetailTableViewFirstCell.swift */,
				716446D22720787100A13F66 /* SearchDetailTableViewSecondCell.swift */,
			);
			path = Views;
			sourceTree = "<group>";
		};
		80DA30296643528D71C876E8 /* Frameworks */ = {
			isa = PBXGroup;
			children = (
				5806EAE4AE2084495C6EA76B /* Pods_StockAPI.framework */,
			);
			name = Frameworks;
			sourceTree = "<group>";
		};
/* End PBXGroup section */

/* Begin PBXNativeTarget section */
		713987BF271C47330009EC02 /* StockAPI */ = {
			isa = PBXNativeTarget;
			buildConfigurationList = 713987D4271C47340009EC02 /* Build configuration list for PBXNativeTarget "StockAPI" */;
			buildPhases = (
				3F450AE78F162993589519AC /* [CP] Check Pods Manifest.lock */,
				713987BC271C47330009EC02 /* Sources */,
				713987BD271C47330009EC02 /* Frameworks */,
				713987BE271C47330009EC02 /* Resources */,
				6054755C8CABF6F0CCECC96D /* [CP] Embed Pods Frameworks */,
			);
			buildRules = (
			);
			dependencies = (
			);
			name = StockAPI;
			productName = StockAPI;
			productReference = 713987C0271C47330009EC02 /* StockAPI.app */;
			productType = "com.apple.product-type.application";
		};
/* End PBXNativeTarget section */

/* Begin PBXProject section */
		713987B8271C47330009EC02 /* Project object */ = {
			isa = PBXProject;
			attributes = {
				BuildIndependentTargetsInParallel = 1;
				LastSwiftUpdateCheck = 1300;
				LastUpgradeCheck = 1300;
				TargetAttributes = {
					713987BF271C47330009EC02 = {
						CreatedOnToolsVersion = 13.0;
					};
				};
			};
			buildConfigurationList = 713987BB271C47330009EC02 /* Build configuration list for PBXProject "StockAPI" */;
			compatibilityVersion = "Xcode 13.0";
			developmentRegion = en;
			hasScannedForEncodings = 0;
			knownRegions = (
				en,
				Base,
			);
			mainGroup = 713987B7271C47330009EC02;
			productRefGroup = 713987C1271C47330009EC02 /* Products */;
			projectDirPath = "";
			projectRoot = "";
			targets = (
				713987BF271C47330009EC02 /* StockAPI */,
			);
		};
/* End PBXProject section */

/* Begin PBXResourcesBuildPhase section */
		713987BE271C47330009EC02 /* Resources */ = {
			isa = PBXResourcesBuildPhase;
			buildActionMask = 2147483647;
			files = (
				713987D0271C47340009EC02 /* LaunchScreen.storyboard in Resources */,
				713987CD271C47340009EC02 /* Assets.xcassets in Resources */,
			);
			runOnlyForDeploymentPostprocessing = 0;
		};
/* End PBXResourcesBuildPhase section */

/* Begin PBXShellScriptBuildPhase section */
		3F450AE78F162993589519AC /* [CP] Check Pods Manifest.lock */ = {
			isa = PBXShellScriptBuildPhase;
			buildActionMask = 2147483647;
			files = (
			);
			inputFileListPaths = (
			);
			inputPaths = (
				"${PODS_PODFILE_DIR_PATH}/Podfile.lock",
				"${PODS_ROOT}/Manifest.lock",
			);
			name = "[CP] Check Pods Manifest.lock";
			outputFileListPaths = (
			);
			outputPaths = (
				"$(DERIVED_FILE_DIR)/Pods-StockAPI-checkManifestLockResult.txt",
			);
			runOnlyForDeploymentPostprocessing = 0;
			shellPath = /bin/sh;
			shellScript = "diff \"${PODS_PODFILE_DIR_PATH}/Podfile.lock\" \"${PODS_ROOT}/Manifest.lock\" > /dev/null\nif [ $? != 0 ] ; then\n    # print error to STDERR\n    echo \"error: The sandbox is not in sync with the Podfile.lock. Run 'pod install' or update your CocoaPods installation.\" >&2\n    exit 1\nfi\n# This output is used by Xcode 'outputs' to avoid re-running this script phase.\necho \"SUCCESS\" > \"${SCRIPT_OUTPUT_FILE_0}\"\n";
			showEnvVarsInLog = 0;
		};
		6054755C8CABF6F0CCECC96D /* [CP] Embed Pods Frameworks */ = {
			isa = PBXShellScriptBuildPhase;
			buildActionMask = 2147483647;
			files = (
			);
			inputFileListPaths = (
				"${PODS_ROOT}/Target Support Files/Pods-StockAPI/Pods-StockAPI-frameworks-${CONFIGURATION}-input-files.xcfilelist",
			);
			name = "[CP] Embed Pods Frameworks";
			outputFileListPaths = (
				"${PODS_ROOT}/Target Support Files/Pods-StockAPI/Pods-StockAPI-frameworks-${CONFIGURATION}-output-files.xcfilelist",
			);
			runOnlyForDeploymentPostprocessing = 0;
			shellPath = /bin/sh;
			shellScript = "\"${PODS_ROOT}/Target Support Files/Pods-StockAPI/Pods-StockAPI-frameworks.sh\"\n";
			showEnvVarsInLog = 0;
		};
/* End PBXShellScriptBuildPhase section */

/* Begin PBXSourcesBuildPhase section */
		713987BC271C47330009EC02 /* Sources */ = {
			isa = PBXSourcesBuildPhase;
			buildActionMask = 2147483647;
			files = (
				71629FEA27203615005B065E /* SearchDetailTableViewFirstCell.swift in Sources */,
				7114B764272440FB00339308 /* Asset.swift in Sources */,
				713987C8271C47330009EC02 /* SearchTableViewController.swift in Sources */,
				7152AD6C271F106400B51C38 /* UIanimatable.swift in Sources */,
				719B30E1271DD2AC00C7D5D7 /* SearchResult.swift in Sources */,
				71629FE8272035E2005B065E /* SearchDetailTableViewController.swift in Sources */,
				719B30DC271DD07200C7D5D7 /* APIService.swift in Sources */,
				71E094FA271C4E970014FA6B /* SearchTableViewCell.swift in Sources */,
				713987C4271C47330009EC02 /* AppDelegate.swift in Sources */,
				719B30DF271DD16600C7D5D7 /* APIKey.swift in Sources */,
				716446D32720787100A13F66 /* SearchDetailTableViewSecondCell.swift in Sources */,
				713987C6271C47330009EC02 /* SceneDelegate.swift in Sources */,
				71AB4E592721ADF20074D3CA /* TimeSeriesMonthlyAdjusted.swift in Sources */,
			);
			runOnlyForDeploymentPostprocessing = 0;
		};
/* End PBXSourcesBuildPhase section */

/* Begin PBXVariantGroup section */
		713987CE271C47340009EC02 /* LaunchScreen.storyboard */ = {
			isa = PBXVariantGroup;
			children = (
				713987CF271C47340009EC02 /* Base */,
			);
			name = LaunchScreen.storyboard;
			sourceTree = "<group>";
		};
/* End PBXVariantGroup section */

/* Begin XCBuildConfiguration section */
		713987D2271C47340009EC02 /* Debug */ = {
			isa = XCBuildConfiguration;
			buildSettings = {
				ALWAYS_SEARCH_USER_PATHS = NO;
				CLANG_ANALYZER_NONNULL = YES;
				CLANG_ANALYZER_NUMBER_OBJECT_CONVERSION = YES_AGGRESSIVE;
				CLANG_CXX_LANGUAGE_STANDARD = "gnu++17";
				CLANG_CXX_LIBRARY = "libc++";
				CLANG_ENABLE_MODULES = YES;
				CLANG_ENABLE_OBJC_ARC = YES;
				CLANG_ENABLE_OBJC_WEAK = YES;
				CLANG_WARN_BLOCK_CAPTURE_AUTORELEASING = YES;
				CLANG_WARN_BOOL_CONVERSION = YES;
				CLANG_WARN_COMMA = YES;
				CLANG_WARN_CONSTANT_CONVERSION = YES;
				CLANG_WARN_DEPRECATED_OBJC_IMPLEMENTATIONS = YES;
				CLANG_WARN_DIRECT_OBJC_ISA_USAGE = YES_ERROR;
				CLANG_WARN_DOCUMENTATION_COMMENTS = YES;
				CLANG_WARN_EMPTY_BODY = YES;
				CLANG_WARN_ENUM_CONVERSION = YES;
				CLANG_WARN_INFINITE_RECURSION = YES;
				CLANG_WARN_INT_CONVERSION = YES;
				CLANG_WARN_NON_LITERAL_NULL_CONVERSION = YES;
				CLANG_WARN_OBJC_IMPLICIT_RETAIN_SELF = YES;
				CLANG_WARN_OBJC_LITERAL_CONVERSION = YES;
				CLANG_WARN_OBJC_ROOT_CLASS = YES_ERROR;
				CLANG_WARN_QUOTED_INCLUDE_IN_FRAMEWORK_HEADER = YES;
				CLANG_WARN_RANGE_LOOP_ANALYSIS = YES;
				CLANG_WARN_STRICT_PROTOTYPES = YES;
				CLANG_WARN_SUSPICIOUS_MOVE = YES;
				CLANG_WARN_UNGUARDED_AVAILABILITY = YES_AGGRESSIVE;
				CLANG_WARN_UNREACHABLE_CODE = YES;
				CLANG_WARN__DUPLICATE_METHOD_MATCH = YES;
				COPY_PHASE_STRIP = NO;
				DEBUG_INFORMATION_FORMAT = dwarf;
				ENABLE_STRICT_OBJC_MSGSEND = YES;
				ENABLE_TESTABILITY = YES;
				GCC_C_LANGUAGE_STANDARD = gnu11;
				GCC_DYNAMIC_NO_PIC = NO;
				GCC_NO_COMMON_BLOCKS = YES;
				GCC_OPTIMIZATION_LEVEL = 0;
				GCC_PREPROCESSOR_DEFINITIONS = (
					"DEBUG=1",
					"$(inherited)",
				);
				GCC_WARN_64_TO_32_BIT_CONVERSION = YES;
				GCC_WARN_ABOUT_RETURN_TYPE = YES_ERROR;
				GCC_WARN_UNDECLARED_SELECTOR = YES;
				GCC_WARN_UNINITIALIZED_AUTOS = YES_AGGRESSIVE;
				GCC_WARN_UNUSED_FUNCTION = YES;
				GCC_WARN_UNUSED_VARIABLE = YES;
				IPHONEOS_DEPLOYMENT_TARGET = 15.0;
				MTL_ENABLE_DEBUG_INFO = INCLUDE_SOURCE;
				MTL_FAST_MATH = YES;
				ONLY_ACTIVE_ARCH = YES;
				SDKROOT = iphoneos;
				SWIFT_ACTIVE_COMPILATION_CONDITIONS = DEBUG;
				SWIFT_OPTIMIZATION_LEVEL = "-Onone";
			};
			name = Debug;
		};
		713987D3271C47340009EC02 /* Release */ = {
			isa = XCBuildConfiguration;
			buildSettings = {
				ALWAYS_SEARCH_USER_PATHS = NO;
				CLANG_ANALYZER_NONNULL = YES;
				CLANG_ANALYZER_NUMBER_OBJECT_CONVERSION = YES_AGGRESSIVE;
				CLANG_CXX_LANGUAGE_STANDARD = "gnu++17";
				CLANG_CXX_LIBRARY = "libc++";
				CLANG_ENABLE_MODULES = YES;
				CLANG_ENABLE_OBJC_ARC = YES;
				CLANG_ENABLE_OBJC_WEAK = YES;
				CLANG_WARN_BLOCK_CAPTURE_AUTORELEASING = YES;
				CLANG_WARN_BOOL_CONVERSION = YES;
				CLANG_WARN_COMMA = YES;
				CLANG_WARN_CONSTANT_CONVERSION = YES;
				CLANG_WARN_DEPRECATED_OBJC_IMPLEMENTATIONS = YES;
				CLANG_WARN_DIRECT_OBJC_ISA_USAGE = YES_ERROR;
				CLANG_WARN_DOCUMENTATION_COMMENTS = YES;
				CLANG_WARN_EMPTY_BODY = YES;
				CLANG_WARN_ENUM_CONVERSION = YES;
				CLANG_WARN_INFINITE_RECURSION = YES;
				CLANG_WARN_INT_CONVERSION = YES;
				CLANG_WARN_NON_LITERAL_NULL_CONVERSION = YES;
				CLANG_WARN_OBJC_IMPLICIT_RETAIN_SELF = YES;
				CLANG_WARN_OBJC_LITERAL_CONVERSION = YES;
				CLANG_WARN_OBJC_ROOT_CLASS = YES_ERROR;
				CLANG_WARN_QUOTED_INCLUDE_IN_FRAMEWORK_HEADER = YES;
				CLANG_WARN_RANGE_LOOP_ANALYSIS = YES;
				CLANG_WARN_STRICT_PROTOTYPES = YES;
				CLANG_WARN_SUSPICIOUS_MOVE = YES;
				CLANG_WARN_UNGUARDED_AVAILABILITY = YES_AGGRESSIVE;
				CLANG_WARN_UNREACHABLE_CODE = YES;
				CLANG_WARN__DUPLICATE_METHOD_MATCH = YES;
				COPY_PHASE_STRIP = NO;
				DEBUG_INFORMATION_FORMAT = "dwarf-with-dsym";
				ENABLE_NS_ASSERTIONS = NO;
				ENABLE_STRICT_OBJC_MSGSEND = YES;
				GCC_C_LANGUAGE_STANDARD = gnu11;
				GCC_NO_COMMON_BLOCKS = YES;
				GCC_WARN_64_TO_32_BIT_CONVERSION = YES;
				GCC_WARN_ABOUT_RETURN_TYPE = YES_ERROR;
				GCC_WARN_UNDECLARED_SELECTOR = YES;
				GCC_WARN_UNINITIALIZED_AUTOS = YES_AGGRESSIVE;
				GCC_WARN_UNUSED_FUNCTION = YES;
				GCC_WARN_UNUSED_VARIABLE = YES;
				IPHONEOS_DEPLOYMENT_TARGET = 15.0;
				MTL_ENABLE_DEBUG_INFO = NO;
				MTL_FAST_MATH = YES;
				SDKROOT = iphoneos;
				SWIFT_COMPILATION_MODE = wholemodule;
				SWIFT_OPTIMIZATION_LEVEL = "-O";
				VALIDATE_PRODUCT = YES;
			};
			name = Release;
		};
		713987D5271C47340009EC02 /* Debug */ = {
			isa = XCBuildConfiguration;
			baseConfigurationReference = AD5D52481B2502C5018112C6 /* Pods-StockAPI.debug.xcconfig */;
			buildSettings = {
				ASSETCATALOG_COMPILER_APPICON_NAME = AppIcon;
				ASSETCATALOG_COMPILER_GLOBAL_ACCENT_COLOR_NAME = AccentColor;
				CODE_SIGN_STYLE = Automatic;
				CURRENT_PROJECT_VERSION = 1;
				DEVELOPMENT_TEAM = S8NCK46NU5;
				GENERATE_INFOPLIST_FILE = YES;
				INFOPLIST_FILE = StockAPI/Info.plist;
				INFOPLIST_KEY_UIApplicationSupportsIndirectInputEvents = YES;
				INFOPLIST_KEY_UILaunchStoryboardName = LaunchScreen;
				INFOPLIST_KEY_UISupportedInterfaceOrientations_iPad = "UIInterfaceOrientationPortrait UIInterfaceOrientationPortraitUpsideDown UIInterfaceOrientationLandscapeLeft UIInterfaceOrientationLandscapeRight";
				INFOPLIST_KEY_UISupportedInterfaceOrientations_iPhone = "UIInterfaceOrientationPortrait UIInterfaceOrientationLandscapeLeft UIInterfaceOrientationLandscapeRight";
				LD_RUNPATH_SEARCH_PATHS = (
					"$(inherited)",
					"@executable_path/Frameworks",
				);
				MARKETING_VERSION = 1.0;
				PRODUCT_BUNDLE_IDENTIFIER = com.heangdev.StockAPI;
				PRODUCT_NAME = "$(TARGET_NAME)";
				SWIFT_EMIT_LOC_STRINGS = YES;
				SWIFT_VERSION = 5.0;
				TARGETED_DEVICE_FAMILY = "1,2";
			};
			name = Debug;
		};
		713987D6271C47340009EC02 /* Release */ = {
			isa = XCBuildConfiguration;
			baseConfigurationReference = 874C935D75798F29FEF73A30 /* Pods-StockAPI.release.xcconfig */;
			buildSettings = {
				ASSETCATALOG_COMPILER_APPICON_NAME = AppIcon;
				ASSETCATALOG_COMPILER_GLOBAL_ACCENT_COLOR_NAME = AccentColor;
				CODE_SIGN_STYLE = Automatic;
				CURRENT_PROJECT_VERSION = 1;
				DEVELOPMENT_TEAM = S8NCK46NU5;
				GENERATE_INFOPLIST_FILE = YES;
				INFOPLIST_FILE = StockAPI/Info.plist;
				INFOPLIST_KEY_UIApplicationSupportsIndirectInputEvents = YES;
				INFOPLIST_KEY_UILaunchStoryboardName = LaunchScreen;
				INFOPLIST_KEY_UISupportedInterfaceOrientations_iPad = "UIInterfaceOrientationPortrait UIInterfaceOrientationPortraitUpsideDown UIInterfaceOrientationLandscapeLeft UIInterfaceOrientationLandscapeRight";
				INFOPLIST_KEY_UISupportedInterfaceOrientations_iPhone = "UIInterfaceOrientationPortrait UIInterfaceOrientationLandscapeLeft UIInterfaceOrientationLandscapeRight";
				LD_RUNPATH_SEARCH_PATHS = (
					"$(inherited)",
					"@executable_path/Frameworks",
				);
				MARKETING_VERSION = 1.0;
				PRODUCT_BUNDLE_IDENTIFIER = com.heangdev.StockAPI;
				PRODUCT_NAME = "$(TARGET_NAME)";
				SWIFT_EMIT_LOC_STRINGS = YES;
				SWIFT_VERSION = 5.0;
				TARGETED_DEVICE_FAMILY = "1,2";
			};
			name = Release;
		};
/* End XCBuildConfiguration section */

/* Begin XCConfigurationList section */
		713987BB271C47330009EC02 /* Build configuration list for PBXProject "StockAPI" */ = {
			isa = XCConfigurationList;
			buildConfigurations = (
				713987D2271C47340009EC02 /* Debug */,
				713987D3271C47340009EC02 /* Release */,
			);
			defaultConfigurationIsVisible = 0;
			defaultConfigurationName = Release;
		};
		713987D4271C47340009EC02 /* Build configuration list for PBXNativeTarget "StockAPI" */ = {
			isa = XCConfigurationList;
			buildConfigurations = (
				713987D5271C47340009EC02 /* Debug */,
				713987D6271C47340009EC02 /* Release */,
			);
			defaultConfigurationIsVisible = 0;
			defaultConfigurationName = Release;
		};
/* End XCConfigurationList section */
	};
	rootObject = 713987B8271C47330009EC02 /* Project object */;
}
