// !$*UTF8*$!
{
	archiveVersion = 1;
	classes = {
	};
	objectVersion = 50;
	objects = {

/* Begin PBXBuildFile section */
		71D75F8E2683BCE8008E91DC /* AppDelegate.swift in Sources */ = {isa = PBXBuildFile; fileRef = 71D75F8D2683BCE8008E91DC /* AppDelegate.swift */; };
		71D75F902683BCE8008E91DC /* SceneDelegate.swift in Sources */ = {isa = PBXBuildFile; fileRef = 71D75F8F2683BCE8008E91DC /* SceneDelegate.swift */; };
		71D75F922683BCE8008E91DC /* ViewController.swift in Sources */ = {isa = PBXBuildFile; fileRef = 71D75F912683BCE8008E91DC /* ViewController.swift */; };
		71D75F952683BCE8008E91DC /* Main.storyboard in Resources */ = {isa = PBXBuildFile; fileRef = 71D75F932683BCE8008E91DC /* Main.storyboard */; };
		71D75F972683BCE8008E91DC /* Assets.xcassets in Resources */ = {isa = PBXBuildFile; fileRef = 71D75F962683BCE8008E91DC /* Assets.xcassets */; };
		71D75F9A2683BCE8008E91DC /* LaunchScreen.storyboard in Resources */ = {isa = PBXBuildFile; fileRef = 71D75F982683BCE8008E91DC /* LaunchScreen.storyboard */; };
		71D75FA42683C12C008E91DC /* start.txt in Resources */ = {isa = PBXBuildFile; fileRef = 71D75FA32683C12B008E91DC /* start.txt */; };
/* End PBXBuildFile section */

/* Begin PBXFileReference section */
		71D75F8A2683BCE8008E91DC /* Word-Scamble.app */ = {isa = PBXFileReference; explicitFileType = wrapper.application; includeInIndex = 0; path = "Word-Scamble.app"; sourceTree = BUILT_PRODUCTS_DIR; };
		71D75F8D2683BCE8008E91DC /* AppDelegate.swift */ = {isa = PBXFileReference; lastKnownFileType = sourcecode.swift; path = AppDelegate.swift; sourceTree = "<group>"; };
		71D75F8F2683BCE8008E91DC /* SceneDelegate.swift */ = {isa = PBXFileReference; lastKnownFileType = sourcecode.swift; path = SceneDelegate.swift; sourceTree = "<group>"; };
		71D75F912683BCE8008E91DC /* ViewController.swift */ = {isa = PBXFileReference; lastKnownFileType = sourcecode.swift; path = ViewController.swift; sourceTree = "<group>"; };
		71D75F942683BCE8008E91DC /* Base */ = {isa = PBXFileReference; lastKnownFileType = file.storyboard; name = Base; path = Base.lproj/Main.storyboard; sourceTree = "<group>"; };
		71D75F962683BCE8008E91DC /* Assets.xcassets */ = {isa = PBXFileReference; lastKnownFileType = folder.assetcatalog; path = Assets.xcassets; sourceTree = "<group>"; };
		71D75F992683BCE8008E91DC /* Base */ = {isa = PBXFileReference; lastKnownFileType = file.storyboard; name = Base; path = Base.lproj/LaunchScreen.storyboard; sourceTree = "<group>"; };
		71D75F9B2683BCE8008E91DC /* Info.plist */ = {isa = PBXFileReference; lastKnownFileType = text.plist.xml; path = Info.plist; sourceTree = "<group>"; };
		71D75FA32683C12B008E91DC /* start.txt */ = {isa = PBXFileReference; fileEncoding = 4; lastKnownFileType = text; path = start.txt; sourceTree = "<group>"; };
/* End PBXFileReference section */

/* Begin PBXFrameworksBuildPhase section */
		71D75F872683BCE8008E91DC /* Frameworks */ = {
			isa = PBXFrameworksBuildPhase;
			buildActionMask = 2147483647;
			files = (
			);
			runOnlyForDeploymentPostprocessing = 0;
		};
/* End PBXFrameworksBuildPhase section */

/* Begin PBXGroup section */
		71D75F812683BCE8008E91DC = {
			isa = PBXGroup;
			children = (
				71D75F8C2683BCE8008E91DC /* Word-Scamble */,
				71D75F8B2683BCE8008E91DC /* Products */,
			);
			sourceTree = "<group>";
		};
		71D75F8B2683BCE8008E91DC /* Products */ = {
			isa = PBXGroup;
			children = (
				71D75F8A2683BCE8008E91DC /* Word-Scamble.app */,
			);
			name = Products;
			sourceTree = "<group>";
		};
		71D75F8C2683BCE8008E91DC /* Word-Scamble */ = {
			isa = PBXGroup;
			children = (
				71D75F8D2683BCE8008E91DC /* AppDelegate.swift */,
				71D75F8F2683BCE8008E91DC /* SceneDelegate.swift */,
				71D75F912683BCE8008E91DC /* ViewController.swift */,
				71D75F932683BCE8008E91DC /* Main.storyboard */,
				71D75F962683BCE8008E91DC /* Assets.xcassets */,
				71D75F982683BCE8008E91DC /* LaunchScreen.storyboard */,
				71D75FA32683C12B008E91DC /* start.txt */,
				71D75F9B2683BCE8008E91DC /* Info.plist */,
			);
			path = "Word-Scamble";
			sourceTree = "<group>";
		};
/* End PBXGroup section */

/* Begin PBXNativeTarget section */
		71D75F892683BCE8008E91DC /* Word-Scamble */ = {
			isa = PBXNativeTarget;
			buildConfigurationList = 71D75F9E2683BCE8008E91DC /* Build configuration list for PBXNativeTarget "Word-Scamble" */;
			buildPhases = (
				71D75F862683BCE8008E91DC /* Sources */,
				71D75F872683BCE8008E91DC /* Frameworks */,
				71D75F882683BCE8008E91DC /* Resources */,
			);
			buildRules = (
			);
			dependencies = (
			);
			name = "Word-Scamble";
			productName = "Word-Scamble";
			productReference = 71D75F8A2683BCE8008E91DC /* Word-Scamble.app */;
			productType = "com.apple.product-type.application";
		};
/* End PBXNativeTarget section */

/* Begin PBXProject section */
		71D75F822683BCE8008E91DC /* Project object */ = {
			isa = PBXProject;
			attributes = {
				LastSwiftUpdateCheck = 1240;
				LastUpgradeCheck = 1240;
				TargetAttributes = {
					71D75F892683BCE8008E91DC = {
						CreatedOnToolsVersion = 12.4;
					};
				};
			};
			buildConfigurationList = 71D75F852683BCE8008E91DC /* Build configuration list for PBXProject "Word-Scamble" */;
			compatibilityVersion = "Xcode 9.3";
			developmentRegion = en;
			hasScannedForEncodings = 0;
			knownRegions = (
				en,
				Base,
			);
			mainGroup = 71D75F812683BCE8008E91DC;
			productRefGroup = 71D75F8B2683BCE8008E91DC /* Products */;
			projectDirPath = "";
			projectRoot = "";
			targets = (
				71D75F892683BCE8008E91DC /* Word-Scamble */,
			);
		};
/* End PBXProject section */

/* Begin PBXResourcesBuildPhase section */
		71D75F882683BCE8008E91DC /* Resources */ = {
			isa = PBXResourcesBuildPhase;
			buildActionMask = 2147483647;
			files = (
				71D75F9A2683BCE8008E91DC /* LaunchScreen.storyboard in Resources */,
				71D75FA42683C12C008E91DC /* start.txt in Resources */,
				71D75F972683BCE8008E91DC /* Assets.xcassets in Resources */,
				71D75F952683BCE8008E91DC /* Main.storyboard in Resources */,
			);
			runOnlyForDeploymentPostprocessing = 0;
		};
/* End PBXResourcesBuildPhase section */

/* Begin PBXSourcesBuildPhase section */
		71D75F862683BCE8008E91DC /* Sources */ = {
			isa = PBXSourcesBuildPhase;
			buildActionMask = 2147483647;
			files = (
				71D75F922683BCE8008E91DC /* ViewController.swift in Sources */,
				71D75F8E2683BCE8008E91DC /* AppDelegate.swift in Sources */,
				71D75F902683BCE8008E91DC /* SceneDelegate.swift in Sources */,
			);
			runOnlyForDeploymentPostprocessing = 0;
		};
/* End PBXSourcesBuildPhase section */

/* Begin PBXVariantGroup section */
		71D75F932683BCE8008E91DC /* Main.storyboard */ = {
			isa = PBXVariantGroup;
			children = (
				71D75F942683BCE8008E91DC /* Base */,
			);
			name = Main.storyboard;
			sourceTree = "<group>";
		};
		71D75F982683BCE8008E91DC /* LaunchScreen.storyboard */ = {
			isa = PBXVariantGroup;
			children = (
				71D75F992683BCE8008E91DC /* Base */,
			);
			name = LaunchScreen.storyboard;
			sourceTree = "<group>";
		};
/* End PBXVariantGroup section */

/* Begin XCBuildConfiguration section */
		71D75F9C2683BCE8008E91DC /* Debug */ = {
			isa = XCBuildConfiguration;
			buildSettings = {
				ALWAYS_SEARCH_USER_PATHS = NO;
				CLANG_ANALYZER_NONNULL = YES;
				CLANG_ANALYZER_NUMBER_OBJECT_CONVERSION = YES_AGGRESSIVE;
				CLANG_CXX_LANGUAGE_STANDARD = "gnu++14";
				CLANG_CXX_LIBRARY = "libc++";
				CLANG_ENABLE_MODULES = YES;
				CLANG_ENABLE_OBJC_ARC = YES;
				CLANG_ENABLE_OBJC_WEAK = YES;
				CLANG_WARN_BLOCK_CAPTURE_AUTORELEASING = YES;
				CLANG_WARN_BOOL_CONVERSION = YES;
				CLANG_WARN_COMMA = YES;
				CLANG_WARN_CONSTANT_CONVERSION = YES;
				CLANG_WARN_DEPRECATED_OBJC_IMPLEMENTATIONS = YES;
				CLANG_WARN_DIRECT_OBJC_ISA_USAGE = YES_ERROR;
				CLANG_WARN_DOCUMENTATION_COMMENTS = YES;
				CLANG_WARN_EMPTY_BODY = YES;
				CLANG_WARN_ENUM_CONVERSION = YES;
				CLANG_WARN_INFINITE_RECURSION = YES;
				CLANG_WARN_INT_CONVERSION = YES;
				CLANG_WARN_NON_LITERAL_NULL_CONVERSION = YES;
				CLANG_WARN_OBJC_IMPLICIT_RETAIN_SELF = YES;
				CLANG_WARN_OBJC_LITERAL_CONVERSION = YES;
				CLANG_WARN_OBJC_ROOT_CLASS = YES_ERROR;
				CLANG_WARN_QUOTED_INCLUDE_IN_FRAMEWORK_HEADER = YES;
				CLANG_WARN_RANGE_LOOP_ANALYSIS = YES;
				CLANG_WARN_STRICT_PROTOTYPES = YES;
				CLANG_WARN_SUSPICIOUS_MOVE = YES;
				CLANG_WARN_UNGUARDED_AVAILABILITY = YES_AGGRESSIVE;
				CLANG_WARN_UNREACHABLE_CODE = YES;
				CLANG_WARN__DUPLICATE_METHOD_MATCH = YES;
				COPY_PHASE_STRIP = NO;
				DEBUG_INFORMATION_FORMAT = dwarf;
				ENABLE_STRICT_OBJC_MSGSEND = YES;
				ENABLE_TESTABILITY = YES;
				GCC_C_LANGUAGE_STANDARD = gnu11;
				GCC_DYNAMIC_NO_PIC = NO;
				GCC_NO_COMMON_BLOCKS = YES;
				GCC_OPTIMIZATION_LEVEL = 0;
				GCC_PREPROCESSOR_DEFINITIONS = (
					"DEBUG=1",
					"$(inherited)",
				);
				GCC_WARN_64_TO_32_BIT_CONVERSION = YES;
				GCC_WARN_ABOUT_RETURN_TYPE = YES_ERROR;
				GCC_WARN_UNDECLARED_SELECTOR = YES;
				GCC_WARN_UNINITIALIZED_AUTOS = YES_AGGRESSIVE;
				GCC_WARN_UNUSED_FUNCTION = YES;
				GCC_WARN_UNUSED_VARIABLE = YES;
				IPHONEOS_DEPLOYMENT_TARGET = 14.4;
				MTL_ENABLE_DEBUG_INFO = INCLUDE_SOURCE;
				MTL_FAST_MATH = YES;
				ONLY_ACTIVE_ARCH = YES;
				SDKROOT = iphoneos;
				SWIFT_ACTIVE_COMPILATION_CONDITIONS = DEBUG;
				SWIFT_OPTIMIZATION_LEVEL = "-Onone";
			};
			name = Debug;
		};
		71D75F9D2683BCE8008E91DC /* Release */ = {
			isa = XCBuildConfiguration;
			buildSettings = {
				ALWAYS_SEARCH_USER_PATHS = NO;
				CLANG_ANALYZER_NONNULL = YES;
				CLANG_ANALYZER_NUMBER_OBJECT_CONVERSION = YES_AGGRESSIVE;
				CLANG_CXX_LANGUAGE_STANDARD = "gnu++14";
				CLANG_CXX_LIBRARY = "libc++";
				CLANG_ENABLE_MODULES = YES;
				CLANG_ENABLE_OBJC_ARC = YES;
				CLANG_ENABLE_OBJC_WEAK = YES;
				CLANG_WARN_BLOCK_CAPTURE_AUTORELEASING = YES;
				CLANG_WARN_BOOL_CONVERSION = YES;
				CLANG_WARN_COMMA = YES;
				CLANG_WARN_CONSTANT_CONVERSION = YES;
				CLANG_WARN_DEPRECATED_OBJC_IMPLEMENTATIONS = YES;
				CLANG_WARN_DIRECT_OBJC_ISA_USAGE = YES_ERROR;
				CLANG_WARN_DOCUMENTATION_COMMENTS = YES;
				CLANG_WARN_EMPTY_BODY = YES;
				CLANG_WARN_ENUM_CONVERSION = YES;
				CLANG_WARN_INFINITE_RECURSION = YES;
				CLANG_WARN_INT_CONVERSION = YES;
				CLANG_WARN_NON_LITERAL_NULL_CONVERSION = YES;
				CLANG_WARN_OBJC_IMPLICIT_RETAIN_SELF = YES;
				CLANG_WARN_OBJC_LITERAL_CONVERSION = YES;
				CLANG_WARN_OBJC_ROOT_CLASS = YES_ERROR;
				CLANG_WARN_QUOTED_INCLUDE_IN_FRAMEWORK_HEADER = YES;
				CLANG_WARN_RANGE_LOOP_ANALYSIS = YES;
				CLANG_WARN_STRICT_PROTOTYPES = YES;
				CLANG_WARN_SUSPICIOUS_MOVE = YES;
				CLANG_WARN_UNGUARDED_AVAILABILITY = YES_AGGRESSIVE;
				CLANG_WARN_UNREACHABLE_CODE = YES;
				CLANG_WARN__DUPLICATE_METHOD_MATCH = YES;
				COPY_PHASE_STRIP = NO;
				DEBUG_INFORMATION_FORMAT = "dwarf-with-dsym";
				ENABLE_NS_ASSERTIONS = NO;
				ENABLE_STRICT_OBJC_MSGSEND = YES;
				GCC_C_LANGUAGE_STANDARD = gnu11;
				GCC_NO_COMMON_BLOCKS = YES;
				GCC_WARN_64_TO_32_BIT_CONVERSION = YES;
				GCC_WARN_ABOUT_RETURN_TYPE = YES_ERROR;
				GCC_WARN_UNDECLARED_SELECTOR = YES;
				GCC_WARN_UNINITIALIZED_AUTOS = YES_AGGRESSIVE;
				GCC_WARN_UNUSED_FUNCTION = YES;
				GCC_WARN_UNUSED_VARIABLE = YES;
				IPHONEOS_DEPLOYMENT_TARGET = 14.4;
				MTL_ENABLE_DEBUG_INFO = NO;
				MTL_FAST_MATH = YES;
				SDKROOT = iphoneos;
				SWIFT_COMPILATION_MODE = wholemodule;
				SWIFT_OPTIMIZATION_LEVEL = "-O";
				VALIDATE_PRODUCT = YES;
			};
			name = Release;
		};
		71D75F9F2683BCE8008E91DC /* Debug */ = {
			isa = XCBuildConfiguration;
			buildSettings = {
				ASSETCATALOG_COMPILER_APPICON_NAME = AppIcon;
				ASSETCATALOG_COMPILER_GLOBAL_ACCENT_COLOR_NAME = AccentColor;
				CODE_SIGN_STYLE = Automatic;
				DEVELOPMENT_TEAM = YBZMY79767;
				INFOPLIST_FILE = "Word-Scamble/Info.plist";
				IPHONEOS_DEPLOYMENT_TARGET = 13.0;
				LD_RUNPATH_SEARCH_PATHS = (
					"$(inherited)",
					"@executable_path/Frameworks",
				);
				PRODUCT_BUNDLE_IDENTIFIER = "com.heangdev.Word-Scamble";
				PRODUCT_NAME = "$(TARGET_NAME)";
				SWIFT_VERSION = 5.0;
				TARGETED_DEVICE_FAMILY = "1,2";
			};
			name = Debug;
		};
		71D75FA02683BCE8008E91DC /* Release */ = {
			isa = XCBuildConfiguration;
			buildSettings = {
				ASSETCATALOG_COMPILER_APPICON_NAME = AppIcon;
				ASSETCATALOG_COMPILER_GLOBAL_ACCENT_COLOR_NAME = AccentColor;
				CODE_SIGN_STYLE = Automatic;
				DEVELOPMENT_TEAM = YBZMY79767;
				INFOPLIST_FILE = "Word-Scamble/Info.plist";
				IPHONEOS_DEPLOYMENT_TARGET = 13.0;
				LD_RUNPATH_SEARCH_PATHS = (
					"$(inherited)",
					"@executable_path/Frameworks",
				);
				PRODUCT_BUNDLE_IDENTIFIER = "com.heangdev.Word-Scamble";
				PRODUCT_NAME = "$(TARGET_NAME)";
				SWIFT_VERSION = 5.0;
				TARGETED_DEVICE_FAMILY = "1,2";
			};
			name = Release;
		};
/* End XCBuildConfiguration section */

/* Begin XCConfigurationList section */
		71D75F852683BCE8008E91DC /* Build configuration list for PBXProject "Word-Scamble" */ = {
			isa = XCConfigurationList;
			buildConfigurations = (
				71D75F9C2683BCE8008E91DC /* Debug */,
				71D75F9D2683BCE8008E91DC /* Release */,
			);
			defaultConfigurationIsVisible = 0;
			defaultConfigurationName = Release;
		};
		71D75F9E2683BCE8008E91DC /* Build configuration list for PBXNativeTarget "Word-Scamble" */ = {
			isa = XCConfigurationList;
			buildConfigurations = (
				71D75F9F2683BCE8008E91DC /* Debug */,
				71D75FA02683BCE8008E91DC /* Release */,
			);
			defaultConfigurationIsVisible = 0;
			defaultConfigurationName = Release;
		};
/* End XCConfigurationList section */
	};
	rootObject = 71D75F822683BCE8008E91DC /* Project object */;
}
